// !$*UTF8*$!
{
	archiveVersion = 1;
	classes = {
	};
	objectVersion = 46;
	objects = {

/* Begin PBXBuildFile section */
		10BE97AC19178D2200D6FA77 /* Foundation.framework in Frameworks */ = {isa = PBXBuildFile; fileRef = 10BE97AB19178D2200D6FA77 /* Foundation.framework */; };
		10BE97AE19178D2200D6FA77 /* CoreGraphics.framework in Frameworks */ = {isa = PBXBuildFile; fileRef = 10BE97AD19178D2200D6FA77 /* CoreGraphics.framework */; };
		10BE97B019178D2200D6FA77 /* UIKit.framework in Frameworks */ = {isa = PBXBuildFile; fileRef = 10BE97AF19178D2200D6FA77 /* UIKit.framework */; };
		10BE97B219178D2200D6FA77 /* SpriteKit.framework in Frameworks */ = {isa = PBXBuildFile; fileRef = 10BE97B119178D2200D6FA77 /* SpriteKit.framework */; };
		10BE97B819178D2200D6FA77 /* InfoPlist.strings in Resources */ = {isa = PBXBuildFile; fileRef = 10BE97B619178D2200D6FA77 /* InfoPlist.strings */; };
		10BE97BA19178D2200D6FA77 /* main.m in Sources */ = {isa = PBXBuildFile; fileRef = 10BE97B919178D2200D6FA77 /* main.m */; };
		10BE97BE19178D2200D6FA77 /* AppDelegate.m in Sources */ = {isa = PBXBuildFile; fileRef = 10BE97BD19178D2200D6FA77 /* AppDelegate.m */; };
		10BE97C119178D2200D6FA77 /* Main_iPhone.storyboard in Resources */ = {isa = PBXBuildFile; fileRef = 10BE97BF19178D2200D6FA77 /* Main_iPhone.storyboard */; };
		10BE97C419178D2200D6FA77 /* Main_iPad.storyboard in Resources */ = {isa = PBXBuildFile; fileRef = 10BE97C219178D2200D6FA77 /* Main_iPad.storyboard */; };
		10BE97C719178D2200D6FA77 /* ViewController.m in Sources */ = {isa = PBXBuildFile; fileRef = 10BE97C619178D2200D6FA77 /* ViewController.m */; };
		10BE97CA19178D2200D6FA77 /* MyScene.m in Sources */ = {isa = PBXBuildFile; fileRef = 10BE97C919178D2200D6FA77 /* MyScene.m */; };
		10BE97CC19178D2200D6FA77 /* Spaceship.png in Resources */ = {isa = PBXBuildFile; fileRef = 10BE97CB19178D2200D6FA77 /* Spaceship.png */; };
		10BE97CE19178D2200D6FA77 /* Images.xcassets in Resources */ = {isa = PBXBuildFile; fileRef = 10BE97CD19178D2200D6FA77 /* Images.xcassets */; };
		10BE97D519178D2200D6FA77 /* XCTest.framework in Frameworks */ = {isa = PBXBuildFile; fileRef = 10BE97D419178D2200D6FA77 /* XCTest.framework */; };
		10BE97D619178D2200D6FA77 /* Foundation.framework in Frameworks */ = {isa = PBXBuildFile; fileRef = 10BE97AB19178D2200D6FA77 /* Foundation.framework */; };
		10BE97D719178D2200D6FA77 /* UIKit.framework in Frameworks */ = {isa = PBXBuildFile; fileRef = 10BE97AF19178D2200D6FA77 /* UIKit.framework */; };
		10BE97DF19178D2200D6FA77 /* InfoPlist.strings in Resources */ = {isa = PBXBuildFile; fileRef = 10BE97DD19178D2200D6FA77 /* InfoPlist.strings */; };
		10BE97E119178D2200D6FA77 /* iosGameTests.m in Sources */ = {isa = PBXBuildFile; fileRef = 10BE97E019178D2200D6FA77 /* iosGameTests.m */; };
		3F56845D19180E91000233F9 /* back-leaf@2x.png in Resources */ = {isa = PBXBuildFile; fileRef = 3F56845919180E91000233F9 /* back-leaf@2x.png */; };
		3F56845E19180E91000233F9 /* front-leaf@2x.png in Resources */ = {isa = PBXBuildFile; fileRef = 3F56845A19180E91000233F9 /* front-leaf@2x.png */; };
		3F56845F19180E91000233F9 /* tree-branch@2x.png in Resources */ = {isa = PBXBuildFile; fileRef = 3F56845B19180E91000233F9 /* tree-branch@2x.png */; };
		3F56846019180E91000233F9 /* trunk@2x.png in Resources */ = {isa = PBXBuildFile; fileRef = 3F56845C19180E91000233F9 /* trunk@2x.png */; };
		3F56846219181376000233F9 /* iphone-monkey@2x.png in Resources */ = {isa = PBXBuildFile; fileRef = 3F56846119181376000233F9 /* iphone-monkey@2x.png */; };
/* End PBXBuildFile section */

/* Begin PBXContainerItemProxy section */
		10BE97D819178D2200D6FA77 /* PBXContainerItemProxy */ = {
			isa = PBXContainerItemProxy;
			containerPortal = 10BE97A019178D2200D6FA77 /* Project object */;
			proxyType = 1;
			remoteGlobalIDString = 10BE97A719178D2200D6FA77;
			remoteInfo = iosGame;
		};
/* End PBXContainerItemProxy section */

/* Begin PBXFileReference section */
		10BE97A819178D2200D6FA77 /* iosGame.app */ = {isa = PBXFileReference; explicitFileType = wrapper.application; includeInIndex = 0; path = iosGame.app; sourceTree = BUILT_PRODUCTS_DIR; };
		10BE97AB19178D2200D6FA77 /* Foundation.framework */ = {isa = PBXFileReference; lastKnownFileType = wrapper.framework; name = Foundation.framework; path = System/Library/Frameworks/Foundation.framework; sourceTree = SDKROOT; };
		10BE97AD19178D2200D6FA77 /* CoreGraphics.framework */ = {isa = PBXFileReference; lastKnownFileType = wrapper.framework; name = CoreGraphics.framework; path = System/Library/Frameworks/CoreGraphics.framework; sourceTree = SDKROOT; };
		10BE97AF19178D2200D6FA77 /* UIKit.framework */ = {isa = PBXFileReference; lastKnownFileType = wrapper.framework; name = UIKit.framework; path = System/Library/Frameworks/UIKit.framework; sourceTree = SDKROOT; };
		10BE97B119178D2200D6FA77 /* SpriteKit.framework */ = {isa = PBXFileReference; lastKnownFileType = wrapper.framework; name = SpriteKit.framework; path = System/Library/Frameworks/SpriteKit.framework; sourceTree = SDKROOT; };
		10BE97B519178D2200D6FA77 /* iosGame-Info.plist */ = {isa = PBXFileReference; lastKnownFileType = text.plist.xml; path = "iosGame-Info.plist"; sourceTree = "<group>"; };
		10BE97B719178D2200D6FA77 /* en */ = {isa = PBXFileReference; lastKnownFileType = text.plist.strings; name = en; path = en.lproj/InfoPlist.strings; sourceTree = "<group>"; };
		10BE97B919178D2200D6FA77 /* main.m */ = {isa = PBXFileReference; lastKnownFileType = sourcecode.c.objc; path = main.m; sourceTree = "<group>"; };
		10BE97BB19178D2200D6FA77 /* iosGame-Prefix.pch */ = {isa = PBXFileReference; lastKnownFileType = sourcecode.c.h; path = "iosGame-Prefix.pch"; sourceTree = "<group>"; };
		10BE97BC19178D2200D6FA77 /* AppDelegate.h */ = {isa = PBXFileReference; lastKnownFileType = sourcecode.c.h; path = AppDelegate.h; sourceTree = "<group>"; };
		10BE97BD19178D2200D6FA77 /* AppDelegate.m */ = {isa = PBXFileReference; lastKnownFileType = sourcecode.c.objc; path = AppDelegate.m; sourceTree = "<group>"; };
		10BE97C019178D2200D6FA77 /* Base */ = {isa = PBXFileReference; lastKnownFileType = file.storyboard; name = Base; path = Base.lproj/Main_iPhone.storyboard; sourceTree = "<group>"; };
		10BE97C319178D2200D6FA77 /* Base */ = {isa = PBXFileReference; lastKnownFileType = file.storyboard; name = Base; path = Base.lproj/Main_iPad.storyboard; sourceTree = "<group>"; };
		10BE97C519178D2200D6FA77 /* ViewController.h */ = {isa = PBXFileReference; lastKnownFileType = sourcecode.c.h; path = ViewController.h; sourceTree = "<group>"; };
		10BE97C619178D2200D6FA77 /* ViewController.m */ = {isa = PBXFileReference; lastKnownFileType = sourcecode.c.objc; path = ViewController.m; sourceTree = "<group>"; };
		10BE97C819178D2200D6FA77 /* MyScene.h */ = {isa = PBXFileReference; lastKnownFileType = sourcecode.c.h; path = MyScene.h; sourceTree = "<group>"; };
		10BE97C919178D2200D6FA77 /* MyScene.m */ = {isa = PBXFileReference; lastKnownFileType = sourcecode.c.objc; path = MyScene.m; sourceTree = "<group>"; };
		10BE97CB19178D2200D6FA77 /* Spaceship.png */ = {isa = PBXFileReference; lastKnownFileType = image.png; path = Spaceship.png; sourceTree = "<group>"; };
		10BE97CD19178D2200D6FA77 /* Images.xcassets */ = {isa = PBXFileReference; lastKnownFileType = folder.assetcatalog; path = Images.xcassets; sourceTree = "<group>"; };
		10BE97D319178D2200D6FA77 /* iosGameTests.xctest */ = {isa = PBXFileReference; explicitFileType = wrapper.cfbundle; includeInIndex = 0; path = iosGameTests.xctest; sourceTree = BUILT_PRODUCTS_DIR; };
		10BE97D419178D2200D6FA77 /* XCTest.framework */ = {isa = PBXFileReference; lastKnownFileType = wrapper.framework; name = XCTest.framework; path = Library/Frameworks/XCTest.framework; sourceTree = DEVELOPER_DIR; };
		10BE97DC19178D2200D6FA77 /* iosGameTests-Info.plist */ = {isa = PBXFileReference; lastKnownFileType = text.plist.xml; path = "iosGameTests-Info.plist"; sourceTree = "<group>"; };
		10BE97DE19178D2200D6FA77 /* en */ = {isa = PBXFileReference; lastKnownFileType = text.plist.strings; name = en; path = en.lproj/InfoPlist.strings; sourceTree = "<group>"; };
		10BE97E019178D2200D6FA77 /* iosGameTests.m */ = {isa = PBXFileReference; lastKnownFileType = sourcecode.c.objc; path = iosGameTests.m; sourceTree = "<group>"; };
		3F56845919180E91000233F9 /* back-leaf@2x.png */ = {isa = PBXFileReference; lastKnownFileType = image.png; path = "back-leaf@2x.png"; sourceTree = "<group>"; };
		3F56845A19180E91000233F9 /* front-leaf@2x.png */ = {isa = PBXFileReference; lastKnownFileType = image.png; path = "front-leaf@2x.png"; sourceTree = "<group>"; };
		3F56845B19180E91000233F9 /* tree-branch@2x.png */ = {isa = PBXFileReference; lastKnownFileType = image.png; path = "tree-branch@2x.png"; sourceTree = "<group>"; };
		3F56845C19180E91000233F9 /* trunk@2x.png */ = {isa = PBXFileReference; lastKnownFileType = image.png; path = "trunk@2x.png"; sourceTree = "<group>"; };
		3F56846119181376000233F9 /* iphone-monkey@2x.png */ = {isa = PBXFileReference; lastKnownFileType = image.png; name = "iphone-monkey@2x.png"; path = "Resources/Monkey/iphone-monkey@2x.png"; sourceTree = "<group>"; };
/* End PBXFileReference section */

/* Begin PBXFrameworksBuildPhase section */
		10BE97A519178D2200D6FA77 /* Frameworks */ = {
			isa = PBXFrameworksBuildPhase;
			buildActionMask = 2147483647;
			files = (
				10BE97AE19178D2200D6FA77 /* CoreGraphics.framework in Frameworks */,
				10BE97B019178D2200D6FA77 /* UIKit.framework in Frameworks */,
				10BE97B219178D2200D6FA77 /* SpriteKit.framework in Frameworks */,
				10BE97AC19178D2200D6FA77 /* Foundation.framework in Frameworks */,
			);
			runOnlyForDeploymentPostprocessing = 0;
		};
		10BE97D019178D2200D6FA77 /* Frameworks */ = {
			isa = PBXFrameworksBuildPhase;
			buildActionMask = 2147483647;
			files = (
				10BE97D519178D2200D6FA77 /* XCTest.framework in Frameworks */,
				10BE97D719178D2200D6FA77 /* UIKit.framework in Frameworks */,
				10BE97D619178D2200D6FA77 /* Foundation.framework in Frameworks */,
			);
			runOnlyForDeploymentPostprocessing = 0;
		};
/* End PBXFrameworksBuildPhase section */

/* Begin PBXGroup section */
		10BE979F19178D2200D6FA77 = {
			isa = PBXGroup;
			children = (
				10BE97B319178D2200D6FA77 /* iosGame */,
				10BE97DA19178D2200D6FA77 /* iosGameTests */,
				10BE97AA19178D2200D6FA77 /* Frameworks */,
				10BE97A919178D2200D6FA77 /* Products */,
			);
			sourceTree = "<group>";
		};
		10BE97A919178D2200D6FA77 /* Products */ = {
			isa = PBXGroup;
			children = (
				10BE97A819178D2200D6FA77 /* iosGame.app */,
				10BE97D319178D2200D6FA77 /* iosGameTests.xctest */,
			);
			name = Products;
			sourceTree = "<group>";
		};
		10BE97AA19178D2200D6FA77 /* Frameworks */ = {
			isa = PBXGroup;
			children = (
				10BE97AB19178D2200D6FA77 /* Foundation.framework */,
				10BE97AD19178D2200D6FA77 /* CoreGraphics.framework */,
				10BE97AF19178D2200D6FA77 /* UIKit.framework */,
				10BE97B119178D2200D6FA77 /* SpriteKit.framework */,
				10BE97D419178D2200D6FA77 /* XCTest.framework */,
			);
			name = Frameworks;
			sourceTree = "<group>";
		};
		10BE97B319178D2200D6FA77 /* iosGame */ = {
			isa = PBXGroup;
			children = (
				3F5684541917D9D2000233F9 /* Resources */,
				10BE97BC19178D2200D6FA77 /* AppDelegate.h */,
				10BE97BD19178D2200D6FA77 /* AppDelegate.m */,
				10BE97BF19178D2200D6FA77 /* Main_iPhone.storyboard */,
				10BE97C219178D2200D6FA77 /* Main_iPad.storyboard */,
				10BE97C519178D2200D6FA77 /* ViewController.h */,
				10BE97C619178D2200D6FA77 /* ViewController.m */,
				10BE97C819178D2200D6FA77 /* MyScene.h */,
				10BE97C919178D2200D6FA77 /* MyScene.m */,
				10BE97CB19178D2200D6FA77 /* Spaceship.png */,
				10BE97CD19178D2200D6FA77 /* Images.xcassets */,
				10BE97B419178D2200D6FA77 /* Supporting Files */,
			);
			path = iosGame;
			sourceTree = "<group>";
		};
		10BE97B419178D2200D6FA77 /* Supporting Files */ = {
			isa = PBXGroup;
			children = (
				10BE97B519178D2200D6FA77 /* iosGame-Info.plist */,
				10BE97B619178D2200D6FA77 /* InfoPlist.strings */,
				10BE97B919178D2200D6FA77 /* main.m */,
				10BE97BB19178D2200D6FA77 /* iosGame-Prefix.pch */,
			);
			name = "Supporting Files";
			sourceTree = "<group>";
		};
		10BE97DA19178D2200D6FA77 /* iosGameTests */ = {
			isa = PBXGroup;
			children = (
				10BE97E019178D2200D6FA77 /* iosGameTests.m */,
				10BE97DB19178D2200D6FA77 /* Supporting Files */,
			);
			path = iosGameTests;
			sourceTree = "<group>";
		};
		10BE97DB19178D2200D6FA77 /* Supporting Files */ = {
			isa = PBXGroup;
			children = (
				10BE97DC19178D2200D6FA77 /* iosGameTests-Info.plist */,
				10BE97DD19178D2200D6FA77 /* InfoPlist.strings */,
			);
			name = "Supporting Files";
			sourceTree = "<group>";
		};
		3F5684541917D9D2000233F9 /* Resources */ = {
			isa = PBXGroup;
			children = (
				3F56845819180E91000233F9 /* Tree */,
				3F5684551917D9DF000233F9 /* Monkey */,
			);
			name = Resources;
			sourceTree = "<group>";
		};
		3F5684551917D9DF000233F9 /* Monkey */ = {
			isa = PBXGroup;
			children = (
				3F56846119181376000233F9 /* iphone-monkey@2x.png */,
			);
			name = Monkey;
			sourceTree = "<group>";
		};
		3F56845819180E91000233F9 /* Tree */ = {
			isa = PBXGroup;
			children = (
				3F56845919180E91000233F9 /* back-leaf@2x.png */,
				3F56845A19180E91000233F9 /* front-leaf@2x.png */,
				3F56845B19180E91000233F9 /* tree-branch@2x.png */,
				3F56845C19180E91000233F9 /* trunk@2x.png */,
			);
			name = Tree;
			path = Resources/Tree;
			sourceTree = "<group>";
		};
/* End PBXGroup section */

/* Begin PBXNativeTarget section */
		10BE97A719178D2200D6FA77 /* iosGame */ = {
			isa = PBXNativeTarget;
			buildConfigurationList = 10BE97E419178D2200D6FA77 /* Build configuration list for PBXNativeTarget "iosGame" */;
			buildPhases = (
				10BE97A419178D2200D6FA77 /* Sources */,
				10BE97A519178D2200D6FA77 /* Frameworks */,
				10BE97A619178D2200D6FA77 /* Resources */,
			);
			buildRules = (
			);
			dependencies = (
			);
			name = iosGame;
			productName = iosGame;
			productReference = 10BE97A819178D2200D6FA77 /* iosGame.app */;
			productType = "com.apple.product-type.application";
		};
		10BE97D219178D2200D6FA77 /* iosGameTests */ = {
			isa = PBXNativeTarget;
			buildConfigurationList = 10BE97E719178D2200D6FA77 /* Build configuration list for PBXNativeTarget "iosGameTests" */;
			buildPhases = (
				10BE97CF19178D2200D6FA77 /* Sources */,
				10BE97D019178D2200D6FA77 /* Frameworks */,
				10BE97D119178D2200D6FA77 /* Resources */,
			);
			buildRules = (
			);
			dependencies = (
				10BE97D919178D2200D6FA77 /* PBXTargetDependency */,
			);
			name = iosGameTests;
			productName = iosGameTests;
			productReference = 10BE97D319178D2200D6FA77 /* iosGameTests.xctest */;
			productType = "com.apple.product-type.bundle.unit-test";
		};
/* End PBXNativeTarget section */

/* Begin PBXProject section */
		10BE97A019178D2200D6FA77 /* Project object */ = {
			isa = PBXProject;
			attributes = {
				LastUpgradeCheck = 0510;
				ORGANIZATIONNAME = iPPLE;
				TargetAttributes = {
					10BE97D219178D2200D6FA77 = {
						TestTargetID = 10BE97A719178D2200D6FA77;
					};
				};
			};
			buildConfigurationList = 10BE97A319178D2200D6FA77 /* Build configuration list for PBXProject "iosGame" */;
			compatibilityVersion = "Xcode 3.2";
			developmentRegion = English;
			hasScannedForEncodings = 0;
			knownRegions = (
				en,
				Base,
			);
			mainGroup = 10BE979F19178D2200D6FA77;
			productRefGroup = 10BE97A919178D2200D6FA77 /* Products */;
			projectDirPath = "";
			projectRoot = "";
			targets = (
				10BE97A719178D2200D6FA77 /* iosGame */,
				10BE97D219178D2200D6FA77 /* iosGameTests */,
			);
		};
/* End PBXProject section */

/* Begin PBXResourcesBuildPhase section */
		10BE97A619178D2200D6FA77 /* Resources */ = {
			isa = PBXResourcesBuildPhase;
			buildActionMask = 2147483647;
			files = (
				3F56845F19180E91000233F9 /* tree-branch@2x.png in Resources */,
				3F56846019180E91000233F9 /* trunk@2x.png in Resources */,
				10BE97CC19178D2200D6FA77 /* Spaceship.png in Resources */,
				10BE97CE19178D2200D6FA77 /* Images.xcassets in Resources */,
				3F56846219181376000233F9 /* iphone-monkey@2x.png in Resources */,
				10BE97C419178D2200D6FA77 /* Main_iPad.storyboard in Resources */,
				10BE97C119178D2200D6FA77 /* Main_iPhone.storyboard in Resources */,
				3F56845D19180E91000233F9 /* back-leaf@2x.png in Resources */,
				10BE97B819178D2200D6FA77 /* InfoPlist.strings in Resources */,
				3F56845E19180E91000233F9 /* front-leaf@2x.png in Resources */,
			);
			runOnlyForDeploymentPostprocessing = 0;
		};
		10BE97D119178D2200D6FA77 /* Resources */ = {
			isa = PBXResourcesBuildPhase;
			buildActionMask = 2147483647;
			files = (
				10BE97DF19178D2200D6FA77 /* InfoPlist.strings in Resources */,
			);
			runOnlyForDeploymentPostprocessing = 0;
		};
/* End PBXResourcesBuildPhase section */

/* Begin PBXSourcesBuildPhase section */
		10BE97A419178D2200D6FA77 /* Sources */ = {
			isa = PBXSourcesBuildPhase;
			buildActionMask = 2147483647;
			files = (
				10BE97CA19178D2200D6FA77 /* MyScene.m in Sources */,
				10BE97C719178D2200D6FA77 /* ViewController.m in Sources */,
				10BE97BE19178D2200D6FA77 /* AppDelegate.m in Sources */,
				10BE97BA19178D2200D6FA77 /* main.m in Sources */,
			);
			runOnlyForDeploymentPostprocessing = 0;
		};
		10BE97CF19178D2200D6FA77 /* Sources */ = {
			isa = PBXSourcesBuildPhase;
			buildActionMask = 2147483647;
			files = (
				10BE97E119178D2200D6FA77 /* iosGameTests.m in Sources */,
			);
			runOnlyForDeploymentPostprocessing = 0;
		};
/* End PBXSourcesBuildPhase section */

/* Begin PBXTargetDependency section */
		10BE97D919178D2200D6FA77 /* PBXTargetDependency */ = {
			isa = PBXTargetDependency;
			target = 10BE97A719178D2200D6FA77 /* iosGame */;
			targetProxy = 10BE97D819178D2200D6FA77 /* PBXContainerItemProxy */;
		};
/* End PBXTargetDependency section */

/* Begin PBXVariantGroup section */
		10BE97B619178D2200D6FA77 /* InfoPlist.strings */ = {
			isa = PBXVariantGroup;
			children = (
				10BE97B719178D2200D6FA77 /* en */,
			);
			name = InfoPlist.strings;
			sourceTree = "<group>";
		};
		10BE97BF19178D2200D6FA77 /* Main_iPhone.storyboard */ = {
			isa = PBXVariantGroup;
			children = (
				10BE97C019178D2200D6FA77 /* Base */,
			);
			name = Main_iPhone.storyboard;
			sourceTree = "<group>";
		};
		10BE97C219178D2200D6FA77 /* Main_iPad.storyboard */ = {
			isa = PBXVariantGroup;
			children = (
				10BE97C319178D2200D6FA77 /* Base */,
			);
			name = Main_iPad.storyboard;
			sourceTree = "<group>";
		};
		10BE97DD19178D2200D6FA77 /* InfoPlist.strings */ = {
			isa = PBXVariantGroup;
			children = (
				10BE97DE19178D2200D6FA77 /* en */,
			);
			name = InfoPlist.strings;
			sourceTree = "<group>";
		};
/* End PBXVariantGroup section */

/* Begin XCBuildConfiguration section */
		10BE97E219178D2200D6FA77 /* Debug */ = {
			isa = XCBuildConfiguration;
			buildSettings = {
				ALWAYS_SEARCH_USER_PATHS = NO;
				CLANG_CXX_LANGUAGE_STANDARD = "gnu++0x";
				CLANG_CXX_LIBRARY = "libc++";
				CLANG_ENABLE_MODULES = YES;
				CLANG_ENABLE_OBJC_ARC = YES;
				CLANG_WARN_BOOL_CONVERSION = YES;
				CLANG_WARN_CONSTANT_CONVERSION = YES;
				CLANG_WARN_DIRECT_OBJC_ISA_USAGE = YES_ERROR;
				CLANG_WARN_EMPTY_BODY = YES;
				CLANG_WARN_ENUM_CONVERSION = YES;
				CLANG_WARN_INT_CONVERSION = YES;
				CLANG_WARN_OBJC_ROOT_CLASS = YES_ERROR;
				CLANG_WARN__DUPLICATE_METHOD_MATCH = YES;
				CODE_SIGN_IDENTITY = "iPhone Developer: REMI HILLAIRET (NHLG76Z36Y)";
				"CODE_SIGN_IDENTITY[sdk=iphoneos*]" = "iPhone Developer";
				COPY_PHASE_STRIP = NO;
				GCC_C_LANGUAGE_STANDARD = gnu99;
				GCC_DYNAMIC_NO_PIC = NO;
				GCC_OPTIMIZATION_LEVEL = 0;
				GCC_PREPROCESSOR_DEFINITIONS = (
					"DEBUG=1",
					"$(inherited)",
				);
				GCC_SYMBOLS_PRIVATE_EXTERN = NO;
				GCC_WARN_64_TO_32_BIT_CONVERSION = YES;
				GCC_WARN_ABOUT_RETURN_TYPE = YES_ERROR;
				GCC_WARN_UNDECLARED_SELECTOR = YES;
				GCC_WARN_UNINITIALIZED_AUTOS = YES_AGGRESSIVE;
				GCC_WARN_UNUSED_FUNCTION = YES;
				GCC_WARN_UNUSED_VARIABLE = YES;
				IPHONEOS_DEPLOYMENT_TARGET = 7.1;
				ONLY_ACTIVE_ARCH = YES;
				SDKROOT = iphoneos;
				TARGETED_DEVICE_FAMILY = "1,2";
			};
			name = Debug;
		};
		10BE97E319178D2200D6FA77 /* Release */ = {
			isa = XCBuildConfiguration;
			buildSettings = {
				ALWAYS_SEARCH_USER_PATHS = NO;
				CLANG_CXX_LANGUAGE_STANDARD = "gnu++0x";
				CLANG_CXX_LIBRARY = "libc++";
				CLANG_ENABLE_MODULES = YES;
				CLANG_ENABLE_OBJC_ARC = YES;
				CLANG_WARN_BOOL_CONVERSION = YES;
				CLANG_WARN_CONSTANT_CONVERSION = YES;
				CLANG_WARN_DIRECT_OBJC_ISA_USAGE = YES_ERROR;
				CLANG_WARN_EMPTY_BODY = YES;
				CLANG_WARN_ENUM_CONVERSION = YES;
				CLANG_WARN_INT_CONVERSION = YES;
				CLANG_WARN_OBJC_ROOT_CLASS = YES_ERROR;
				CLANG_WARN__DUPLICATE_METHOD_MATCH = YES;
				CODE_SIGN_IDENTITY = "iPhone Developer: REMI HILLAIRET (NHLG76Z36Y)";
				"CODE_SIGN_IDENTITY[sdk=iphoneos*]" = "iPhone Developer";
				COPY_PHASE_STRIP = YES;
				ENABLE_NS_ASSERTIONS = NO;
				GCC_C_LANGUAGE_STANDARD = gnu99;
				GCC_WARN_64_TO_32_BIT_CONVERSION = YES;
				GCC_WARN_ABOUT_RETURN_TYPE = YES_ERROR;
				GCC_WARN_UNDECLARED_SELECTOR = YES;
				GCC_WARN_UNINITIALIZED_AUTOS = YES_AGGRESSIVE;
				GCC_WARN_UNUSED_FUNCTION = YES;
				GCC_WARN_UNUSED_VARIABLE = YES;
				IPHONEOS_DEPLOYMENT_TARGET = 7.1;
				SDKROOT = iphoneos;
				TARGETED_DEVICE_FAMILY = "1,2";
				VALIDATE_PRODUCT = YES;
			};
			name = Release;
		};
		10BE97E519178D2200D6FA77 /* Debug */ = {
			isa = XCBuildConfiguration;
			buildSettings = {
				ASSETCATALOG_COMPILER_APPICON_NAME = AppIcon;
				ASSETCATALOG_COMPILER_LAUNCHIMAGE_NAME = LaunchImage;
				GCC_PRECOMPILE_PREFIX_HEADER = YES;
				GCC_PREFIX_HEADER = "iosGame/iosGame-Prefix.pch";
				INFOPLIST_FILE = "iosGame/iosGame-Info.plist";
				PRODUCT_NAME = "$(TARGET_NAME)";
				SPRITEKIT_TEXTURE_ATLAS_OUTPUT = YES;
				WRAPPER_EXTENSION = app;
			};
			name = Debug;
		};
		10BE97E619178D2200D6FA77 /* Release */ = {
			isa = XCBuildConfiguration;
			buildSettings = {
				ASSETCATALOG_COMPILER_APPICON_NAME = AppIcon;
				ASSETCATALOG_COMPILER_LAUNCHIMAGE_NAME = LaunchImage;
				GCC_PRECOMPILE_PREFIX_HEADER = YES;
				GCC_PREFIX_HEADER = "iosGame/iosGame-Prefix.pch";
				INFOPLIST_FILE = "iosGame/iosGame-Info.plist";
				PRODUCT_NAME = "$(TARGET_NAME)";
				SPRITEKIT_TEXTURE_ATLAS_OUTPUT = YES;
				WRAPPER_EXTENSION = app;
			};
			name = Release;
		};
		10BE97E819178D2200D6FA77 /* Debug */ = {
			isa = XCBuildConfiguration;
			buildSettings = {
				BUNDLE_LOADER = "$(BUILT_PRODUCTS_DIR)/iosGame.app/iosGame";
				FRAMEWORK_SEARCH_PATHS = (
					"$(SDKROOT)/Developer/Library/Frameworks",
					"$(inherited)",
					"$(DEVELOPER_FRAMEWORKS_DIR)",
				);
				GCC_PRECOMPILE_PREFIX_HEADER = YES;
				GCC_PREFIX_HEADER = "iosGame/iosGame-Prefix.pch";
				GCC_PREPROCESSOR_DEFINITIONS = (
					"DEBUG=1",
					"$(inherited)",
				);
				INFOPLIST_FILE = "iosGameTests/iosGameTests-Info.plist";
				PRODUCT_NAME = "$(TARGET_NAME)";
				TEST_HOST = "$(BUNDLE_LOADER)";
				WRAPPER_EXTENSION = xctest;
			};
			name = Debug;
		};
		10BE97E919178D2200D6FA77 /* Release */ = {
			isa = XCBuildConfiguration;
			buildSettings = {
				BUNDLE_LOADER = "$(BUILT_PRODUCTS_DIR)/iosGame.app/iosGame";
				FRAMEWORK_SEARCH_PATHS = (
					"$(SDKROOT)/Developer/Library/Frameworks",
					"$(inherited)",
					"$(DEVELOPER_FRAMEWORKS_DIR)",
				);
				GCC_PRECOMPILE_PREFIX_HEADER = YES;
				GCC_PREFIX_HEADER = "iosGame/iosGame-Prefix.pch";
				INFOPLIST_FILE = "iosGameTests/iosGameTests-Info.plist";
				PRODUCT_NAME = "$(TARGET_NAME)";
				TEST_HOST = "$(BUNDLE_LOADER)";
				WRAPPER_EXTENSION = xctest;
			};
			name = Release;
		};
/* End XCBuildConfiguration section */

/* Begin XCConfigurationList section */
		10BE97A319178D2200D6FA77 /* Build configuration list for PBXProject "iosGame" */ = {
			isa = XCConfigurationList;
			buildConfigurations = (
				10BE97E219178D2200D6FA77 /* Debug */,
				10BE97E319178D2200D6FA77 /* Release */,
			);
			defaultConfigurationIsVisible = 0;
			defaultConfigurationName = Release;
		};
		10BE97E419178D2200D6FA77 /* Build configuration list for PBXNativeTarget "iosGame" */ = {
			isa = XCConfigurationList;
			buildConfigurations = (
				10BE97E519178D2200D6FA77 /* Debug */,
				10BE97E619178D2200D6FA77 /* Release */,
			);
			defaultConfigurationIsVisible = 0;
			defaultConfigurationName = Release;
		};
		10BE97E719178D2200D6FA77 /* Build configuration list for PBXNativeTarget "iosGameTests" */ = {
			isa = XCConfigurationList;
			buildConfigurations = (
				10BE97E819178D2200D6FA77 /* Debug */,
				10BE97E919178D2200D6FA77 /* Release */,
			);
			defaultConfigurationIsVisible = 0;
			defaultConfigurationName = Release;
		};
/* End XCConfigurationList section */
	};
	rootObject = 10BE97A019178D2200D6FA77 /* Project object */;
}
