// !$*UTF8*$!
{
	archiveVersion = 1;
	classes = {
	};
	objectVersion = 46;
	objects = {

/* Begin PBXBuildFile section */
		1010BD5519261655003F8436 /* PreloadData.m in Sources */ = {isa = PBXBuildFile; fileRef = 1010BD5419261655003F8436 /* PreloadData.m */; };
		1012340A1919512500B035D9 /* Weapon.m in Sources */ = {isa = PBXBuildFile; fileRef = 101234091919512500B035D9 /* Weapon.m */; };
		1012340D1919519600B035D9 /* Bonus.m in Sources */ = {isa = PBXBuildFile; fileRef = 1012340C1919519600B035D9 /* Bonus.m */; };
		10123410191951CF00B035D9 /* Malus.m in Sources */ = {isa = PBXBuildFile; fileRef = 1012340F191951CF00B035D9 /* Malus.m */; };
		109E9307191A60EF00DD5623 /* Action.m in Sources */ = {isa = PBXBuildFile; fileRef = 109E9306191A60EF00DD5623 /* Action.m */; };
		10A12F0D191CD02700AA86BE /* Climber.m in Sources */ = {isa = PBXBuildFile; fileRef = 10A12F0C191CD02700AA86BE /* Climber.m */; };
		10A495E0192B419D005299D8 /* GameCenter.m in Sources */ = {isa = PBXBuildFile; fileRef = 10A495DF192B419D005299D8 /* GameCenter.m */; };
		10AB3472192CC74E00661301 /* TankScene.m in Sources */ = {isa = PBXBuildFile; fileRef = 10AB3471192CC74E00661301 /* TankScene.m */; };
		10AB3476192CD1B200661301 /* Tank.m in Sources */ = {isa = PBXBuildFile; fileRef = 10AB3475192CD1B200661301 /* Tank.m */; };
		10B4196419260681005D4EDC /* UserData.m in Sources */ = {isa = PBXBuildFile; fileRef = 10B4196319260681005D4EDC /* UserData.m */; };
		10C599B7191948A300907493 /* Foundation.framework in Frameworks */ = {isa = PBXBuildFile; fileRef = 10C599B6191948A300907493 /* Foundation.framework */; };
		10C599B9191948A300907493 /* CoreGraphics.framework in Frameworks */ = {isa = PBXBuildFile; fileRef = 10C599B8191948A300907493 /* CoreGraphics.framework */; };
		10C599BB191948A300907493 /* UIKit.framework in Frameworks */ = {isa = PBXBuildFile; fileRef = 10C599BA191948A300907493 /* UIKit.framework */; };
		10C599BD191948A300907493 /* SpriteKit.framework in Frameworks */ = {isa = PBXBuildFile; fileRef = 10C599BC191948A300907493 /* SpriteKit.framework */; };
		10C599C3191948A300907493 /* InfoPlist.strings in Resources */ = {isa = PBXBuildFile; fileRef = 10C599C1191948A300907493 /* InfoPlist.strings */; };
		10C599C5191948A300907493 /* main.m in Sources */ = {isa = PBXBuildFile; fileRef = 10C599C4191948A300907493 /* main.m */; };
		10C599C9191948A300907493 /* AppDelegate.m in Sources */ = {isa = PBXBuildFile; fileRef = 10C599C8191948A300907493 /* AppDelegate.m */; };
		10C599CC191948A300907493 /* Main_iPhone.storyboard in Resources */ = {isa = PBXBuildFile; fileRef = 10C599CA191948A300907493 /* Main_iPhone.storyboard */; };
		10C599CF191948A300907493 /* Main_iPad.storyboard in Resources */ = {isa = PBXBuildFile; fileRef = 10C599CD191948A300907493 /* Main_iPad.storyboard */; };
		10C599D9191948A300907493 /* Images.xcassets in Resources */ = {isa = PBXBuildFile; fileRef = 10C599D8191948A300907493 /* Images.xcassets */; };
		10C599E0191948A300907493 /* XCTest.framework in Frameworks */ = {isa = PBXBuildFile; fileRef = 10C599DF191948A300907493 /* XCTest.framework */; };
		10C599E1191948A300907493 /* Foundation.framework in Frameworks */ = {isa = PBXBuildFile; fileRef = 10C599B6191948A300907493 /* Foundation.framework */; };
		10C599E2191948A300907493 /* UIKit.framework in Frameworks */ = {isa = PBXBuildFile; fileRef = 10C599BA191948A300907493 /* UIKit.framework */; };
		10C599EA191948A400907493 /* InfoPlist.strings in Resources */ = {isa = PBXBuildFile; fileRef = 10C599E8191948A400907493 /* InfoPlist.strings */; };
		10C599EC191948A400907493 /* BaoMonkeyTests.m in Sources */ = {isa = PBXBuildFile; fileRef = 10C599EB191948A400907493 /* BaoMonkeyTests.m */; };
		10C599FD191948CB00907493 /* Monkey.m in Sources */ = {isa = PBXBuildFile; fileRef = 10C599FC191948CB00907493 /* Monkey.m */; };
		10C59A021919490900907493 /* MyScene.m in Sources */ = {isa = PBXBuildFile; fileRef = 10C599FE1919490900907493 /* MyScene.m */; };
		10C59A061919491200907493 /* TreeBranch.m in Sources */ = {isa = PBXBuildFile; fileRef = 10C59A051919491200907493 /* TreeBranch.m */; };
		10C59A091919492200907493 /* ViewController.m in Sources */ = {isa = PBXBuildFile; fileRef = 10C59A081919492200907493 /* ViewController.m */; };
		10C59A141919492C00907493 /* monkey@2x.png in Resources */ = {isa = PBXBuildFile; fileRef = 10C59A0E1919492C00907493 /* monkey@2x.png */; };
		10C59A151919492C00907493 /* back-leaf@2x.png in Resources */ = {isa = PBXBuildFile; fileRef = 10C59A101919492C00907493 /* back-leaf@2x.png */; };
		10C59A161919492C00907493 /* front-leaf@2x.png in Resources */ = {isa = PBXBuildFile; fileRef = 10C59A111919492C00907493 /* front-leaf@2x.png */; };
		10C59A171919492C00907493 /* tree-branch@2x.png in Resources */ = {isa = PBXBuildFile; fileRef = 10C59A121919492C00907493 /* tree-branch@2x.png */; };
		10C59A181919492C00907493 /* trunk@2x.png in Resources */ = {isa = PBXBuildFile; fileRef = 10C59A131919492C00907493 /* trunk@2x.png */; };
		10C59A1C19194BF000907493 /* Banana.m in Sources */ = {isa = PBXBuildFile; fileRef = 10C599F6191948B500907493 /* Banana.m */; };
		10C59A1D19194BF000907493 /* CocoNuts.m in Sources */ = {isa = PBXBuildFile; fileRef = 10C599F8191948B500907493 /* CocoNuts.m */; };
		10C59A1F19194C7400907493 /* Prune.m in Sources */ = {isa = PBXBuildFile; fileRef = 10C59A1E19194C7400907493 /* Prune.m */; };
		10C59A2319194D1500907493 /* MyScene+GeneratorWave.m in Sources */ = {isa = PBXBuildFile; fileRef = 10C59A2219194D1500907493 /* MyScene+GeneratorWave.m */; };
		10C59A2619194D5D00907493 /* Item.m in Sources */ = {isa = PBXBuildFile; fileRef = 10C59A2519194D5D00907493 /* Item.m */; };
		2910BA96191D27B300E4B281 /* BaoMonkey.mp3 in Resources */ = {isa = PBXBuildFile; fileRef = 2910BA95191D27B300E4B281 /* BaoMonkey.mp3 */; };
		2950D27E192B869E00C12A52 /* LeafTransition.m in Sources */ = {isa = PBXBuildFile; fileRef = 2950D27D192B869E00C12A52 /* LeafTransition.m */; };
		2950D282192B8DBC00C12A52 /* bottom-leaf@2x.png in Resources */ = {isa = PBXBuildFile; fileRef = 2950D280192B8DBC00C12A52 /* bottom-leaf@2x.png */; };
		2950D283192B8DBC00C12A52 /* up-leaf@2x.png in Resources */ = {isa = PBXBuildFile; fileRef = 2950D281192B8DBC00C12A52 /* up-leaf@2x.png */; };
		296AFB8D191BDFD7009D5B75 /* Hunter.m in Sources */ = {isa = PBXBuildFile; fileRef = 296AFB8C191BDFD7009D5B75 /* Hunter.m */; };
		296AFB90191BE197009D5B75 /* hunter-left@2x.png in Resources */ = {isa = PBXBuildFile; fileRef = 296AFB8E191BE197009D5B75 /* hunter-left@2x.png */; };
		296AFB91191BE197009D5B75 /* hunter-right@2x.png in Resources */ = {isa = PBXBuildFile; fileRef = 296AFB8F191BE197009D5B75 /* hunter-right@2x.png */; };
		296AFB94191CE06B009D5B75 /* cloud@2x.png in Resources */ = {isa = PBXBuildFile; fileRef = 296AFB93191CE06B009D5B75 /* cloud@2x.png */; };
		29CE19001926008600513925 /* GameKit.framework in Frameworks */ = {isa = PBXBuildFile; fileRef = 29CE18FF1926008600513925 /* GameKit.framework */; };
		29E98BAA191A87440046F9B2 /* EnemiesController.m in Sources */ = {isa = PBXBuildFile; fileRef = 29E98BA9191A87440046F9B2 /* EnemiesController.m */; };
		29E98BAD191A874A0046F9B2 /* Enemy.m in Sources */ = {isa = PBXBuildFile; fileRef = 29E98BAC191A874A0046F9B2 /* Enemy.m */; };
		29E98BB0191A875D0046F9B2 /* LamberJack.m in Sources */ = {isa = PBXBuildFile; fileRef = 29E98BAF191A875D0046F9B2 /* LamberJack.m */; };
		29E98BB4191A882B0046F9B2 /* lamberjack-left@2x.png in Resources */ = {isa = PBXBuildFile; fileRef = 29E98BB2191A882B0046F9B2 /* lamberjack-left@2x.png */; };
		29E98BB5191A882B0046F9B2 /* lamberjack-right@2x.png in Resources */ = {isa = PBXBuildFile; fileRef = 29E98BB3191A882B0046F9B2 /* lamberjack-right@2x.png */; };
		3F0CD895191D423E0079A5EB /* baomonkey.m4a in Resources */ = {isa = PBXBuildFile; fileRef = 3F0CD894191D423E0079A5EB /* baomonkey.m4a */; };
		3F47F9B5192CCF9D00C36A39 /* Music.m in Sources */ = {isa = PBXBuildFile; fileRef = 3F47F9B4192CCF9D00C36A39 /* Music.m */; };
		3F47F9BA192D106300C36A39 /* background-progress-bar.png in Resources */ = {isa = PBXBuildFile; fileRef = 3F47F9B8192D106300C36A39 /* background-progress-bar.png */; };
		3F47F9BB192D106300C36A39 /* front-progress-bar.png in Resources */ = {isa = PBXBuildFile; fileRef = 3F47F9B9192D106300C36A39 /* front-progress-bar.png */; };
		3F47F9C1192D41E200C36A39 /* lamber-jack-waiting@2x.png in Resources */ = {isa = PBXBuildFile; fileRef = 3F47F9BD192D41E200C36A39 /* lamber-jack-waiting@2x.png */; };
		3F47F9C2192D41E200C36A39 /* LamberJackCutting.atlas in Resources */ = {isa = PBXBuildFile; fileRef = 3F47F9BE192D41E200C36A39 /* LamberJackCutting.atlas */; };
		3F47F9C3192D41E200C36A39 /* LamberJackDead.atlas in Resources */ = {isa = PBXBuildFile; fileRef = 3F47F9BF192D41E200C36A39 /* LamberJackDead.atlas */; };
		3F47F9C4192D41E200C36A39 /* LamberJackWalking.atlas in Resources */ = {isa = PBXBuildFile; fileRef = 3F47F9C0192D41E200C36A39 /* LamberJackWalking.atlas */; };
		3F47F9C9192D50F900C36A39 /* hunter-waiting@2x.png in Resources */ = {isa = PBXBuildFile; fileRef = 3F47F9C6192D50F900C36A39 /* hunter-waiting@2x.png */; };
		3F47F9CA192D50F900C36A39 /* HunterDead.atlas in Resources */ = {isa = PBXBuildFile; fileRef = 3F47F9C7192D50F900C36A39 /* HunterDead.atlas */; };
		3F47F9CB192D50F900C36A39 /* HunterWalking.atlas in Resources */ = {isa = PBXBuildFile; fileRef = 3F47F9C8192D50F900C36A39 /* HunterWalking.atlas */; };
		3F5959DC191C1D5B006EE846 /* HomeViewController.m in Sources */ = {isa = PBXBuildFile; fileRef = 3F5959DB191C1D5B006EE846 /* HomeViewController.m */; };
		3F64F75B191A8EB400102094 /* GameData.m in Sources */ = {isa = PBXBuildFile; fileRef = 3F64F75A191A8EB400102094 /* GameData.m */; };
		3F64F766191A9DD900102094 /* ProgressBar.m in Sources */ = {isa = PBXBuildFile; fileRef = 3F64F765191A9DD900102094 /* ProgressBar.m */; };
		3F7D436C191A3BC800DF30D6 /* GameController.m in Sources */ = {isa = PBXBuildFile; fileRef = 3F7D436B191A3BC800DF30D6 /* GameController.m */; };
		3F7D436F191A6FE100DF30D6 /* MonkeyWalking.atlas in Resources */ = {isa = PBXBuildFile; fileRef = 3F7D436E191A6FE100DF30D6 /* MonkeyWalking.atlas */; };
		3FB2A493191B79900027B2C7 /* banana@2x.png in Resources */ = {isa = PBXBuildFile; fileRef = 3FB2A491191B79900027B2C7 /* banana@2x.png */; };
		3FB2A494191B79900027B2C7 /* coconut@2x.png in Resources */ = {isa = PBXBuildFile; fileRef = 3FB2A492191B79900027B2C7 /* coconut@2x.png */; };
		3FB2A496191B7C580027B2C7 /* prune@2x.png in Resources */ = {isa = PBXBuildFile; fileRef = 3FB2A495191B7C580027B2C7 /* prune@2x.png */; };
		3FB2A498191B7DA80027B2C7 /* splash-prune@2x.png in Resources */ = {isa = PBXBuildFile; fileRef = 3FB2A497191B7DA80027B2C7 /* splash-prune@2x.png */; };
		3FB2A49C191BB20C0027B2C7 /* splash.mp3 in Resources */ = {isa = PBXBuildFile; fileRef = 3FB2A49B191BB20C0027B2C7 /* splash.mp3 */; };
		3FB2A49E191BD36A0027B2C7 /* coconut.mp3 in Resources */ = {isa = PBXBuildFile; fileRef = 3FB2A49D191BD36A0027B2C7 /* coconut.mp3 */; };
		3FB67CDB192B4FF700381BDC /* Resume.m in Sources */ = {isa = PBXBuildFile; fileRef = 3FB67CDA192B4FF600381BDC /* Resume.m */; };
		3FB7C483192DE4CA00801643 /* BaoSize.m in Sources */ = {isa = PBXBuildFile; fileRef = 3FB7C482192DE4CA00801643 /* BaoSize.m */; };
		3FF111231926078C005C9DD1 /* SettingsViewController.m in Sources */ = {isa = PBXBuildFile; fileRef = 3FF111221926078C005C9DD1 /* SettingsViewController.m */; };
		A5731ABC19275AF300023346 /* Achievement.m in Sources */ = {isa = PBXBuildFile; fileRef = A5731ABB19275AF300023346 /* Achievement.m */; };
/* End PBXBuildFile section */

/* Begin PBXContainerItemProxy section */
		10C599E3191948A300907493 /* PBXContainerItemProxy */ = {
			isa = PBXContainerItemProxy;
			containerPortal = 10C599AB191948A300907493 /* Project object */;
			proxyType = 1;
			remoteGlobalIDString = 10C599B2191948A300907493;
			remoteInfo = BaoMonkey;
		};
/* End PBXContainerItemProxy section */

/* Begin PBXFileReference section */
		1010BD5319261655003F8436 /* PreloadData.h */ = {isa = PBXFileReference; fileEncoding = 4; lastKnownFileType = sourcecode.c.h; path = PreloadData.h; sourceTree = "<group>"; };
		1010BD5419261655003F8436 /* PreloadData.m */ = {isa = PBXFileReference; fileEncoding = 4; lastKnownFileType = sourcecode.c.objc; path = PreloadData.m; sourceTree = "<group>"; };
		101234081919512500B035D9 /* Weapon.h */ = {isa = PBXFileReference; fileEncoding = 4; lastKnownFileType = sourcecode.c.h; path = Weapon.h; sourceTree = "<group>"; };
		101234091919512500B035D9 /* Weapon.m */ = {isa = PBXFileReference; fileEncoding = 4; lastKnownFileType = sourcecode.c.objc; path = Weapon.m; sourceTree = "<group>"; };
		1012340B1919519600B035D9 /* Bonus.h */ = {isa = PBXFileReference; fileEncoding = 4; lastKnownFileType = sourcecode.c.h; path = Bonus.h; sourceTree = "<group>"; };
		1012340C1919519600B035D9 /* Bonus.m */ = {isa = PBXFileReference; fileEncoding = 4; lastKnownFileType = sourcecode.c.objc; path = Bonus.m; sourceTree = "<group>"; };
		1012340E191951CF00B035D9 /* Malus.h */ = {isa = PBXFileReference; fileEncoding = 4; lastKnownFileType = sourcecode.c.h; path = Malus.h; sourceTree = "<group>"; };
		1012340F191951CF00B035D9 /* Malus.m */ = {isa = PBXFileReference; fileEncoding = 4; lastKnownFileType = sourcecode.c.objc; path = Malus.m; sourceTree = "<group>"; };
		109E9305191A60EF00DD5623 /* Action.h */ = {isa = PBXFileReference; fileEncoding = 4; lastKnownFileType = sourcecode.c.h; path = Action.h; sourceTree = "<group>"; };
		109E9306191A60EF00DD5623 /* Action.m */ = {isa = PBXFileReference; fileEncoding = 4; lastKnownFileType = sourcecode.c.objc; path = Action.m; sourceTree = "<group>"; };
		10A12F0B191CD02700AA86BE /* Climber.h */ = {isa = PBXFileReference; fileEncoding = 4; lastKnownFileType = sourcecode.c.h; path = Climber.h; sourceTree = "<group>"; };
		10A12F0C191CD02700AA86BE /* Climber.m */ = {isa = PBXFileReference; fileEncoding = 4; lastKnownFileType = sourcecode.c.objc; path = Climber.m; sourceTree = "<group>"; };
		10A495DE192B419D005299D8 /* GameCenter.h */ = {isa = PBXFileReference; fileEncoding = 4; lastKnownFileType = sourcecode.c.h; path = GameCenter.h; sourceTree = "<group>"; };
		10A495DF192B419D005299D8 /* GameCenter.m */ = {isa = PBXFileReference; fileEncoding = 4; lastKnownFileType = sourcecode.c.objc; path = GameCenter.m; sourceTree = "<group>"; };
		10AB3470192CC74E00661301 /* TankScene.h */ = {isa = PBXFileReference; fileEncoding = 4; lastKnownFileType = sourcecode.c.h; path = TankScene.h; sourceTree = "<group>"; };
		10AB3471192CC74E00661301 /* TankScene.m */ = {isa = PBXFileReference; fileEncoding = 4; lastKnownFileType = sourcecode.c.objc; path = TankScene.m; sourceTree = "<group>"; };
		10AB3474192CD1B200661301 /* Tank.h */ = {isa = PBXFileReference; fileEncoding = 4; lastKnownFileType = sourcecode.c.h; path = Tank.h; sourceTree = "<group>"; };
		10AB3475192CD1B200661301 /* Tank.m */ = {isa = PBXFileReference; fileEncoding = 4; lastKnownFileType = sourcecode.c.objc; path = Tank.m; sourceTree = "<group>"; };
		10B4196219260681005D4EDC /* UserData.h */ = {isa = PBXFileReference; fileEncoding = 4; lastKnownFileType = sourcecode.c.h; path = UserData.h; sourceTree = "<group>"; };
		10B4196319260681005D4EDC /* UserData.m */ = {isa = PBXFileReference; fileEncoding = 4; lastKnownFileType = sourcecode.c.objc; path = UserData.m; sourceTree = "<group>"; };
		10C599B3191948A300907493 /* BaoMonkey.app */ = {isa = PBXFileReference; explicitFileType = wrapper.application; includeInIndex = 0; path = BaoMonkey.app; sourceTree = BUILT_PRODUCTS_DIR; };
		10C599B6191948A300907493 /* Foundation.framework */ = {isa = PBXFileReference; lastKnownFileType = wrapper.framework; name = Foundation.framework; path = System/Library/Frameworks/Foundation.framework; sourceTree = SDKROOT; };
		10C599B8191948A300907493 /* CoreGraphics.framework */ = {isa = PBXFileReference; lastKnownFileType = wrapper.framework; name = CoreGraphics.framework; path = System/Library/Frameworks/CoreGraphics.framework; sourceTree = SDKROOT; };
		10C599BA191948A300907493 /* UIKit.framework */ = {isa = PBXFileReference; lastKnownFileType = wrapper.framework; name = UIKit.framework; path = System/Library/Frameworks/UIKit.framework; sourceTree = SDKROOT; };
		10C599BC191948A300907493 /* SpriteKit.framework */ = {isa = PBXFileReference; lastKnownFileType = wrapper.framework; name = SpriteKit.framework; path = System/Library/Frameworks/SpriteKit.framework; sourceTree = SDKROOT; };
		10C599C0191948A300907493 /* BaoMonkey-Info.plist */ = {isa = PBXFileReference; lastKnownFileType = text.plist.xml; path = "BaoMonkey-Info.plist"; sourceTree = "<group>"; };
		10C599C2191948A300907493 /* en */ = {isa = PBXFileReference; lastKnownFileType = text.plist.strings; name = en; path = en.lproj/InfoPlist.strings; sourceTree = "<group>"; };
		10C599C4191948A300907493 /* main.m */ = {isa = PBXFileReference; lastKnownFileType = sourcecode.c.objc; path = main.m; sourceTree = "<group>"; };
		10C599C6191948A300907493 /* BaoMonkey-Prefix.pch */ = {isa = PBXFileReference; lastKnownFileType = sourcecode.c.h; path = "BaoMonkey-Prefix.pch"; sourceTree = "<group>"; };
		10C599C7191948A300907493 /* AppDelegate.h */ = {isa = PBXFileReference; lastKnownFileType = sourcecode.c.h; path = AppDelegate.h; sourceTree = "<group>"; };
		10C599C8191948A300907493 /* AppDelegate.m */ = {isa = PBXFileReference; lastKnownFileType = sourcecode.c.objc; path = AppDelegate.m; sourceTree = "<group>"; };
		10C599CB191948A300907493 /* Base */ = {isa = PBXFileReference; lastKnownFileType = file.storyboard; name = Base; path = Base.lproj/Main_iPhone.storyboard; sourceTree = "<group>"; };
		10C599CE191948A300907493 /* Base */ = {isa = PBXFileReference; lastKnownFileType = file.storyboard; name = Base; path = Base.lproj/Main_iPad.storyboard; sourceTree = "<group>"; };
		10C599D8191948A300907493 /* Images.xcassets */ = {isa = PBXFileReference; lastKnownFileType = folder.assetcatalog; path = Images.xcassets; sourceTree = "<group>"; };
		10C599DE191948A300907493 /* BaoMonkeyTests.xctest */ = {isa = PBXFileReference; explicitFileType = wrapper.cfbundle; includeInIndex = 0; path = BaoMonkeyTests.xctest; sourceTree = BUILT_PRODUCTS_DIR; };
		10C599DF191948A300907493 /* XCTest.framework */ = {isa = PBXFileReference; lastKnownFileType = wrapper.framework; name = XCTest.framework; path = Library/Frameworks/XCTest.framework; sourceTree = DEVELOPER_DIR; };
		10C599E7191948A400907493 /* BaoMonkeyTests-Info.plist */ = {isa = PBXFileReference; lastKnownFileType = text.plist.xml; path = "BaoMonkeyTests-Info.plist"; sourceTree = "<group>"; };
		10C599E9191948A400907493 /* en */ = {isa = PBXFileReference; lastKnownFileType = text.plist.strings; name = en; path = en.lproj/InfoPlist.strings; sourceTree = "<group>"; };
		10C599EB191948A400907493 /* BaoMonkeyTests.m */ = {isa = PBXFileReference; lastKnownFileType = sourcecode.c.objc; path = BaoMonkeyTests.m; sourceTree = "<group>"; };
		10C599F5191948B500907493 /* Banana.h */ = {isa = PBXFileReference; fileEncoding = 4; lastKnownFileType = sourcecode.c.h; path = Banana.h; sourceTree = "<group>"; };
		10C599F6191948B500907493 /* Banana.m */ = {isa = PBXFileReference; fileEncoding = 4; lastKnownFileType = sourcecode.c.objc; path = Banana.m; sourceTree = "<group>"; };
		10C599F7191948B500907493 /* CocoNuts.h */ = {isa = PBXFileReference; fileEncoding = 4; lastKnownFileType = sourcecode.c.h; path = CocoNuts.h; sourceTree = "<group>"; };
		10C599F8191948B500907493 /* CocoNuts.m */ = {isa = PBXFileReference; fileEncoding = 4; lastKnownFileType = sourcecode.c.objc; path = CocoNuts.m; sourceTree = "<group>"; };
		10C599FB191948CB00907493 /* Monkey.h */ = {isa = PBXFileReference; fileEncoding = 4; lastKnownFileType = sourcecode.c.h; path = Monkey.h; sourceTree = "<group>"; };
		10C599FC191948CB00907493 /* Monkey.m */ = {isa = PBXFileReference; fileEncoding = 4; lastKnownFileType = sourcecode.c.objc; path = Monkey.m; sourceTree = "<group>"; };
		10C599FE1919490900907493 /* MyScene.m */ = {isa = PBXFileReference; fileEncoding = 4; lastKnownFileType = sourcecode.c.objc; path = MyScene.m; sourceTree = "<group>"; };
		10C59A041919491200907493 /* TreeBranch.h */ = {isa = PBXFileReference; fileEncoding = 4; lastKnownFileType = sourcecode.c.h; path = TreeBranch.h; sourceTree = "<group>"; };
		10C59A051919491200907493 /* TreeBranch.m */ = {isa = PBXFileReference; fileEncoding = 4; lastKnownFileType = sourcecode.c.objc; path = TreeBranch.m; sourceTree = "<group>"; };
		10C59A071919492200907493 /* ViewController.h */ = {isa = PBXFileReference; fileEncoding = 4; lastKnownFileType = sourcecode.c.h; path = ViewController.h; sourceTree = "<group>"; };
		10C59A081919492200907493 /* ViewController.m */ = {isa = PBXFileReference; fileEncoding = 4; lastKnownFileType = sourcecode.c.objc; path = ViewController.m; sourceTree = "<group>"; };
		10C59A0E1919492C00907493 /* monkey@2x.png */ = {isa = PBXFileReference; lastKnownFileType = image.png; path = "monkey@2x.png"; sourceTree = "<group>"; };
		10C59A101919492C00907493 /* back-leaf@2x.png */ = {isa = PBXFileReference; lastKnownFileType = image.png; path = "back-leaf@2x.png"; sourceTree = "<group>"; };
		10C59A111919492C00907493 /* front-leaf@2x.png */ = {isa = PBXFileReference; lastKnownFileType = image.png; path = "front-leaf@2x.png"; sourceTree = "<group>"; };
		10C59A121919492C00907493 /* tree-branch@2x.png */ = {isa = PBXFileReference; lastKnownFileType = image.png; path = "tree-branch@2x.png"; sourceTree = "<group>"; };
		10C59A131919492C00907493 /* trunk@2x.png */ = {isa = PBXFileReference; lastKnownFileType = image.png; path = "trunk@2x.png"; sourceTree = "<group>"; };
		10C59A1919194A0D00907493 /* MyScene.h */ = {isa = PBXFileReference; lastKnownFileType = sourcecode.c.h; path = MyScene.h; sourceTree = "<group>"; };
		10C59A1E19194C7400907493 /* Prune.m */ = {isa = PBXFileReference; fileEncoding = 4; lastKnownFileType = sourcecode.c.objc; path = Prune.m; sourceTree = "<group>"; };
		10C59A2019194CF700907493 /* Prune.h */ = {isa = PBXFileReference; fileEncoding = 4; lastKnownFileType = sourcecode.c.h; path = Prune.h; sourceTree = "<group>"; };
		10C59A2119194D1500907493 /* MyScene+GeneratorWave.h */ = {isa = PBXFileReference; fileEncoding = 4; lastKnownFileType = sourcecode.c.h; path = "MyScene+GeneratorWave.h"; sourceTree = "<group>"; };
		10C59A2219194D1500907493 /* MyScene+GeneratorWave.m */ = {isa = PBXFileReference; fileEncoding = 4; lastKnownFileType = sourcecode.c.objc; path = "MyScene+GeneratorWave.m"; sourceTree = "<group>"; };
		10C59A2419194D5D00907493 /* Item.h */ = {isa = PBXFileReference; fileEncoding = 4; lastKnownFileType = sourcecode.c.h; path = Item.h; sourceTree = "<group>"; };
		10C59A2519194D5D00907493 /* Item.m */ = {isa = PBXFileReference; fileEncoding = 4; lastKnownFileType = sourcecode.c.objc; path = Item.m; sourceTree = "<group>"; };
		2910BA95191D27B300E4B281 /* BaoMonkey.mp3 */ = {isa = PBXFileReference; lastKnownFileType = audio.mp3; path = BaoMonkey.mp3; sourceTree = "<group>"; };
		2950D27C192B869E00C12A52 /* LeafTransition.h */ = {isa = PBXFileReference; fileEncoding = 4; lastKnownFileType = sourcecode.c.h; path = LeafTransition.h; sourceTree = "<group>"; };
		2950D27D192B869E00C12A52 /* LeafTransition.m */ = {isa = PBXFileReference; fileEncoding = 4; lastKnownFileType = sourcecode.c.objc; path = LeafTransition.m; sourceTree = "<group>"; };
		2950D280192B8DBC00C12A52 /* bottom-leaf@2x.png */ = {isa = PBXFileReference; lastKnownFileType = image.png; name = "bottom-leaf@2x.png"; path = "Leaf/bottom-leaf@2x.png"; sourceTree = "<group>"; };
		2950D281192B8DBC00C12A52 /* up-leaf@2x.png */ = {isa = PBXFileReference; lastKnownFileType = image.png; name = "up-leaf@2x.png"; path = "Leaf/up-leaf@2x.png"; sourceTree = "<group>"; };
		296AFB8B191BDFD7009D5B75 /* Hunter.h */ = {isa = PBXFileReference; fileEncoding = 4; lastKnownFileType = sourcecode.c.h; path = Hunter.h; sourceTree = "<group>"; };
		296AFB8C191BDFD7009D5B75 /* Hunter.m */ = {isa = PBXFileReference; fileEncoding = 4; lastKnownFileType = sourcecode.c.objc; path = Hunter.m; sourceTree = "<group>"; };
		296AFB8E191BE197009D5B75 /* hunter-left@2x.png */ = {isa = PBXFileReference; lastKnownFileType = image.png; name = "hunter-left@2x.png"; path = "Enemy/hunter-left@2x.png"; sourceTree = "<group>"; };
		296AFB8F191BE197009D5B75 /* hunter-right@2x.png */ = {isa = PBXFileReference; lastKnownFileType = image.png; name = "hunter-right@2x.png"; path = "Enemy/hunter-right@2x.png"; sourceTree = "<group>"; };
		296AFB93191CE06B009D5B75 /* cloud@2x.png */ = {isa = PBXFileReference; lastKnownFileType = image.png; name = "cloud@2x.png"; path = "Cloud/cloud@2x.png"; sourceTree = "<group>"; };
		29CE18FF1926008600513925 /* GameKit.framework */ = {isa = PBXFileReference; lastKnownFileType = wrapper.framework; name = GameKit.framework; path = System/Library/Frameworks/GameKit.framework; sourceTree = SDKROOT; };
		29E98BA8191A87440046F9B2 /* EnemiesController.h */ = {isa = PBXFileReference; fileEncoding = 4; lastKnownFileType = sourcecode.c.h; path = EnemiesController.h; sourceTree = "<group>"; };
		29E98BA9191A87440046F9B2 /* EnemiesController.m */ = {isa = PBXFileReference; fileEncoding = 4; lastKnownFileType = sourcecode.c.objc; path = EnemiesController.m; sourceTree = "<group>"; };
		29E98BAB191A874A0046F9B2 /* Enemy.h */ = {isa = PBXFileReference; fileEncoding = 4; lastKnownFileType = sourcecode.c.h; path = Enemy.h; sourceTree = "<group>"; };
		29E98BAC191A874A0046F9B2 /* Enemy.m */ = {isa = PBXFileReference; fileEncoding = 4; lastKnownFileType = sourcecode.c.objc; path = Enemy.m; sourceTree = "<group>"; };
		29E98BAE191A875D0046F9B2 /* LamberJack.h */ = {isa = PBXFileReference; fileEncoding = 4; lastKnownFileType = sourcecode.c.h; path = LamberJack.h; sourceTree = "<group>"; };
		29E98BAF191A875D0046F9B2 /* LamberJack.m */ = {isa = PBXFileReference; fileEncoding = 4; lastKnownFileType = sourcecode.c.objc; path = LamberJack.m; sourceTree = "<group>"; };
		29E98BB2191A882B0046F9B2 /* lamberjack-left@2x.png */ = {isa = PBXFileReference; lastKnownFileType = image.png; name = "lamberjack-left@2x.png"; path = "Enemy/lamberjack-left@2x.png"; sourceTree = "<group>"; };
		29E98BB3191A882B0046F9B2 /* lamberjack-right@2x.png */ = {isa = PBXFileReference; lastKnownFileType = image.png; name = "lamberjack-right@2x.png"; path = "Enemy/lamberjack-right@2x.png"; sourceTree = "<group>"; };
		3F0CD894191D423E0079A5EB /* baomonkey.m4a */ = {isa = PBXFileReference; lastKnownFileType = file; path = baomonkey.m4a; sourceTree = "<group>"; };
		3F47F9B3192CCF9D00C36A39 /* Music.h */ = {isa = PBXFileReference; fileEncoding = 4; lastKnownFileType = sourcecode.c.h; path = Music.h; sourceTree = "<group>"; };
		3F47F9B4192CCF9D00C36A39 /* Music.m */ = {isa = PBXFileReference; fileEncoding = 4; lastKnownFileType = sourcecode.c.objc; path = Music.m; sourceTree = "<group>"; };
		3F47F9B8192D106300C36A39 /* background-progress-bar.png */ = {isa = PBXFileReference; lastKnownFileType = image.png; path = "background-progress-bar.png"; sourceTree = "<group>"; };
		3F47F9B9192D106300C36A39 /* front-progress-bar.png */ = {isa = PBXFileReference; lastKnownFileType = image.png; path = "front-progress-bar.png"; sourceTree = "<group>"; };
		3F47F9BD192D41E200C36A39 /* lamber-jack-waiting@2x.png */ = {isa = PBXFileReference; lastKnownFileType = image.png; path = "lamber-jack-waiting@2x.png"; sourceTree = "<group>"; };
		3F47F9BE192D41E200C36A39 /* LamberJackCutting.atlas */ = {isa = PBXFileReference; lastKnownFileType = folder.skatlas; path = LamberJackCutting.atlas; sourceTree = "<group>"; };
		3F47F9BF192D41E200C36A39 /* LamberJackDead.atlas */ = {isa = PBXFileReference; lastKnownFileType = folder.skatlas; path = LamberJackDead.atlas; sourceTree = "<group>"; };
		3F47F9C0192D41E200C36A39 /* LamberJackWalking.atlas */ = {isa = PBXFileReference; lastKnownFileType = folder.skatlas; path = LamberJackWalking.atlas; sourceTree = "<group>"; };
		3F47F9C6192D50F900C36A39 /* hunter-waiting@2x.png */ = {isa = PBXFileReference; lastKnownFileType = image.png; path = "hunter-waiting@2x.png"; sourceTree = "<group>"; };
		3F47F9C7192D50F900C36A39 /* HunterDead.atlas */ = {isa = PBXFileReference; lastKnownFileType = folder.skatlas; path = HunterDead.atlas; sourceTree = "<group>"; };
		3F47F9C8192D50F900C36A39 /* HunterWalking.atlas */ = {isa = PBXFileReference; lastKnownFileType = folder.skatlas; path = HunterWalking.atlas; sourceTree = "<group>"; };
		3F5959DA191C1D5B006EE846 /* HomeViewController.h */ = {isa = PBXFileReference; fileEncoding = 4; lastKnownFileType = sourcecode.c.h; path = HomeViewController.h; sourceTree = "<group>"; };
		3F5959DB191C1D5B006EE846 /* HomeViewController.m */ = {isa = PBXFileReference; fileEncoding = 4; lastKnownFileType = sourcecode.c.objc; path = HomeViewController.m; sourceTree = "<group>"; };
		3F64F759191A8EB400102094 /* GameData.h */ = {isa = PBXFileReference; fileEncoding = 4; lastKnownFileType = sourcecode.c.h; path = GameData.h; sourceTree = "<group>"; };
		3F64F75A191A8EB400102094 /* GameData.m */ = {isa = PBXFileReference; fileEncoding = 4; lastKnownFileType = sourcecode.c.objc; path = GameData.m; sourceTree = "<group>"; };
		3F64F764191A9DD900102094 /* ProgressBar.h */ = {isa = PBXFileReference; fileEncoding = 4; lastKnownFileType = sourcecode.c.h; path = ProgressBar.h; sourceTree = "<group>"; };
		3F64F765191A9DD900102094 /* ProgressBar.m */ = {isa = PBXFileReference; fileEncoding = 4; lastKnownFileType = sourcecode.c.objc; path = ProgressBar.m; sourceTree = "<group>"; };
		3F7D436A191A3BC800DF30D6 /* GameController.h */ = {isa = PBXFileReference; fileEncoding = 4; lastKnownFileType = sourcecode.c.h; path = GameController.h; sourceTree = "<group>"; };
		3F7D436B191A3BC800DF30D6 /* GameController.m */ = {isa = PBXFileReference; fileEncoding = 4; lastKnownFileType = sourcecode.c.objc; path = GameController.m; sourceTree = "<group>"; };
		3F7D436D191A3E3F00DF30D6 /* Define.h */ = {isa = PBXFileReference; lastKnownFileType = sourcecode.c.h; path = Define.h; sourceTree = "<group>"; };
		3F7D436E191A6FE100DF30D6 /* MonkeyWalking.atlas */ = {isa = PBXFileReference; lastKnownFileType = folder.skatlas; path = MonkeyWalking.atlas; sourceTree = "<group>"; };
		3FB2A491191B79900027B2C7 /* banana@2x.png */ = {isa = PBXFileReference; lastKnownFileType = image.png; path = "banana@2x.png"; sourceTree = "<group>"; };
		3FB2A492191B79900027B2C7 /* coconut@2x.png */ = {isa = PBXFileReference; lastKnownFileType = image.png; path = "coconut@2x.png"; sourceTree = "<group>"; };
		3FB2A495191B7C580027B2C7 /* prune@2x.png */ = {isa = PBXFileReference; lastKnownFileType = image.png; path = "prune@2x.png"; sourceTree = "<group>"; };
		3FB2A497191B7DA80027B2C7 /* splash-prune@2x.png */ = {isa = PBXFileReference; lastKnownFileType = image.png; path = "splash-prune@2x.png"; sourceTree = "<group>"; };
		3FB2A49B191BB20C0027B2C7 /* splash.mp3 */ = {isa = PBXFileReference; lastKnownFileType = audio.mp3; path = splash.mp3; sourceTree = "<group>"; };
		3FB2A49D191BD36A0027B2C7 /* coconut.mp3 */ = {isa = PBXFileReference; lastKnownFileType = audio.mp3; path = coconut.mp3; sourceTree = "<group>"; };
		3FB67CD9192B4FF600381BDC /* Resume.h */ = {isa = PBXFileReference; fileEncoding = 4; lastKnownFileType = sourcecode.c.h; path = Resume.h; sourceTree = "<group>"; };
		3FB67CDA192B4FF600381BDC /* Resume.m */ = {isa = PBXFileReference; fileEncoding = 4; lastKnownFileType = sourcecode.c.objc; path = Resume.m; sourceTree = "<group>"; };
		3FB7C481192DE4CA00801643 /* BaoSize.h */ = {isa = PBXFileReference; fileEncoding = 4; lastKnownFileType = sourcecode.c.h; path = BaoSize.h; sourceTree = "<group>"; };
		3FB7C482192DE4CA00801643 /* BaoSize.m */ = {isa = PBXFileReference; fileEncoding = 4; lastKnownFileType = sourcecode.c.objc; path = BaoSize.m; sourceTree = "<group>"; };
		3FF111211926078C005C9DD1 /* SettingsViewController.h */ = {isa = PBXFileReference; fileEncoding = 4; lastKnownFileType = sourcecode.c.h; path = SettingsViewController.h; sourceTree = "<group>"; };
		3FF111221926078C005C9DD1 /* SettingsViewController.m */ = {isa = PBXFileReference; fileEncoding = 4; lastKnownFileType = sourcecode.c.objc; path = SettingsViewController.m; sourceTree = "<group>"; };
		A5731ABA19275AF300023346 /* Achievement.h */ = {isa = PBXFileReference; fileEncoding = 4; lastKnownFileType = sourcecode.c.h; path = Achievement.h; sourceTree = "<group>"; };
		A5731ABB19275AF300023346 /* Achievement.m */ = {isa = PBXFileReference; fileEncoding = 4; lastKnownFileType = sourcecode.c.objc; path = Achievement.m; sourceTree = "<group>"; };
/* End PBXFileReference section */

/* Begin PBXFrameworksBuildPhase section */
		10C599B0191948A300907493 /* Frameworks */ = {
			isa = PBXFrameworksBuildPhase;
			buildActionMask = 2147483647;
			files = (
				10C599B9191948A300907493 /* CoreGraphics.framework in Frameworks */,
				10C599BB191948A300907493 /* UIKit.framework in Frameworks */,
				10C599BD191948A300907493 /* SpriteKit.framework in Frameworks */,
				10C599B7191948A300907493 /* Foundation.framework in Frameworks */,
				29CE19001926008600513925 /* GameKit.framework in Frameworks */,
			);
			runOnlyForDeploymentPostprocessing = 0;
		};
		10C599DB191948A300907493 /* Frameworks */ = {
			isa = PBXFrameworksBuildPhase;
			buildActionMask = 2147483647;
			files = (
				10C599E0191948A300907493 /* XCTest.framework in Frameworks */,
				10C599E2191948A300907493 /* UIKit.framework in Frameworks */,
				10C599E1191948A300907493 /* Foundation.framework in Frameworks */,
			);
			runOnlyForDeploymentPostprocessing = 0;
		};
/* End PBXFrameworksBuildPhase section */

/* Begin PBXGroup section */
		10A12F0A191CCFF400AA86BE /* Climber */ = {
			isa = PBXGroup;
			children = (
				10A12F0B191CD02700AA86BE /* Climber.h */,
				10A12F0C191CD02700AA86BE /* Climber.m */,
			);
			name = Climber;
			sourceTree = "<group>";
		};
		10AB3473192CD1A500661301 /* Tank */ = {
			isa = PBXGroup;
			children = (
				10AB3474192CD1B200661301 /* Tank.h */,
				10AB3475192CD1B200661301 /* Tank.m */,
			);
			name = Tank;
			sourceTree = "<group>";
		};
		10B4196119260667005D4EDC /* UserData */ = {
			isa = PBXGroup;
			children = (
				10B4196219260681005D4EDC /* UserData.h */,
				10B4196319260681005D4EDC /* UserData.m */,
			);
			name = UserData;
			sourceTree = "<group>";
		};
		10C599AA191948A300907493 = {
			isa = PBXGroup;
			children = (
				10C599BE191948A300907493 /* BaoMonkey */,
				10C599E5191948A400907493 /* BaoMonkeyTests */,
				10C599B5191948A300907493 /* Frameworks */,
				10C599B4191948A300907493 /* Products */,
			);
			sourceTree = "<group>";
		};
		10C599B4191948A300907493 /* Products */ = {
			isa = PBXGroup;
			children = (
				10C599B3191948A300907493 /* BaoMonkey.app */,
				10C599DE191948A300907493 /* BaoMonkeyTests.xctest */,
			);
			name = Products;
			sourceTree = "<group>";
		};
		10C599B5191948A300907493 /* Frameworks */ = {
			isa = PBXGroup;
			children = (
				29CE18FF1926008600513925 /* GameKit.framework */,
				10C599B6191948A300907493 /* Foundation.framework */,
				10C599B8191948A300907493 /* CoreGraphics.framework */,
				10C599BA191948A300907493 /* UIKit.framework */,
				10C599BC191948A300907493 /* SpriteKit.framework */,
				10C599DF191948A300907493 /* XCTest.framework */,
			);
			name = Frameworks;
			sourceTree = "<group>";
		};
		10C599BE191948A300907493 /* BaoMonkey */ = {
			isa = PBXGroup;
			children = (
				10C599C7191948A300907493 /* AppDelegate.h */,
				10C599C8191948A300907493 /* AppDelegate.m */,
				3F7D436D191A3E3F00DF30D6 /* Define.h */,
				10C599CA191948A300907493 /* Main_iPhone.storyboard */,
				10C599CD191948A300907493 /* Main_iPad.storyboard */,
				10C599D8191948A300907493 /* Images.xcassets */,
				3F50F12119194EB200A37F85 /* Classes */,
				3F50F12719194EFD00A37F85 /* Librairies */,
				10C59A0C1919492C00907493 /* Resources */,
				10C599BF191948A300907493 /* Supporting Files */,
			);
			path = BaoMonkey;
			sourceTree = "<group>";
		};
		10C599BF191948A300907493 /* Supporting Files */ = {
			isa = PBXGroup;
			children = (
				10C599C0191948A300907493 /* BaoMonkey-Info.plist */,
				10C599C1191948A300907493 /* InfoPlist.strings */,
				10C599C4191948A300907493 /* main.m */,
				10C599C6191948A300907493 /* BaoMonkey-Prefix.pch */,
			);
			name = "Supporting Files";
			sourceTree = "<group>";
		};
		10C599E5191948A400907493 /* BaoMonkeyTests */ = {
			isa = PBXGroup;
			children = (
				10C599EB191948A400907493 /* BaoMonkeyTests.m */,
				10C599E6191948A400907493 /* Supporting Files */,
			);
			path = BaoMonkeyTests;
			sourceTree = "<group>";
		};
		10C599E6191948A400907493 /* Supporting Files */ = {
			isa = PBXGroup;
			children = (
				10C599E7191948A400907493 /* BaoMonkeyTests-Info.plist */,
				10C599E8191948A400907493 /* InfoPlist.strings */,
			);
			name = "Supporting Files";
			sourceTree = "<group>";
		};
		10C59A0C1919492C00907493 /* Resources */ = {
			isa = PBXGroup;
			children = (
				3F47F9B7192D106300C36A39 /* Progress */,
				2950D27F192B8DB500C12A52 /* Leaf */,
				296AFB92191CE05A009D5B75 /* Cloud */,
				3FB2A499191BB20C0027B2C7 /* Sounds */,
				3FB2A490191B79900027B2C7 /* Items */,
				29E98BB1191A88180046F9B2 /* Enemies */,
				10C59A0D1919492C00907493 /* Monkey */,
				10C59A0F1919492C00907493 /* Tree */,
			);
			path = Resources;
			sourceTree = "<group>";
		};
		10C59A0D1919492C00907493 /* Monkey */ = {
			isa = PBXGroup;
			children = (
				3F7D436E191A6FE100DF30D6 /* MonkeyWalking.atlas */,
				10C59A0E1919492C00907493 /* monkey@2x.png */,
			);
			path = Monkey;
			sourceTree = "<group>";
		};
		10C59A0F1919492C00907493 /* Tree */ = {
			isa = PBXGroup;
			children = (
				10C59A101919492C00907493 /* back-leaf@2x.png */,
				10C59A111919492C00907493 /* front-leaf@2x.png */,
				10C59A121919492C00907493 /* tree-branch@2x.png */,
				10C59A131919492C00907493 /* trunk@2x.png */,
			);
			path = Tree;
			sourceTree = "<group>";
		};
		2950D27B192B865C00C12A52 /* LeafTransition */ = {
			isa = PBXGroup;
			children = (
				2950D27C192B869E00C12A52 /* LeafTransition.h */,
				2950D27D192B869E00C12A52 /* LeafTransition.m */,
			);
			name = LeafTransition;
			sourceTree = "<group>";
		};
		2950D27F192B8DB500C12A52 /* Leaf */ = {
			isa = PBXGroup;
			children = (
				2950D280192B8DBC00C12A52 /* bottom-leaf@2x.png */,
				2950D281192B8DBC00C12A52 /* up-leaf@2x.png */,
			);
			name = Leaf;
			sourceTree = "<group>";
		};
		296AFB8A191BDF4A009D5B75 /* Hunter */ = {
			isa = PBXGroup;
			children = (
				296AFB8B191BDFD7009D5B75 /* Hunter.h */,
				296AFB8C191BDFD7009D5B75 /* Hunter.m */,
			);
			name = Hunter;
			sourceTree = "<group>";
		};
		296AFB92191CE05A009D5B75 /* Cloud */ = {
			isa = PBXGroup;
			children = (
				296AFB93191CE06B009D5B75 /* cloud@2x.png */,
			);
			name = Cloud;
			sourceTree = "<group>";
		};
		299400F9192CD0FD00F0CC97 /* LabelButton */ = {
			isa = PBXGroup;
			children = (
			);
			name = LabelButton;
			sourceTree = "<group>";
		};
		29E98BA6191A871F0046F9B2 /* Enemy */ = {
			isa = PBXGroup;
			children = (
				10AB3473192CD1A500661301 /* Tank */,
				29E98BAB191A874A0046F9B2 /* Enemy.h */,
				29E98BAC191A874A0046F9B2 /* Enemy.m */,
				29E98BA8191A87440046F9B2 /* EnemiesController.h */,
				29E98BA9191A87440046F9B2 /* EnemiesController.m */,
				10A12F0A191CCFF400AA86BE /* Climber */,
				29E98BA7191A87250046F9B2 /* LamberJack */,
				296AFB8A191BDF4A009D5B75 /* Hunter */,
			);
			name = Enemy;
			sourceTree = "<group>";
		};
		29E98BA7191A87250046F9B2 /* LamberJack */ = {
			isa = PBXGroup;
			children = (
				29E98BAE191A875D0046F9B2 /* LamberJack.h */,
				29E98BAF191A875D0046F9B2 /* LamberJack.m */,
			);
			name = LamberJack;
			sourceTree = "<group>";
		};
		29E98BB1191A88180046F9B2 /* Enemies */ = {
			isa = PBXGroup;
			children = (
				3F47F9C5192D50F900C36A39 /* Hunter */,
				3F47F9BC192D41E200C36A39 /* LamberJack */,
				29E98BB2191A882B0046F9B2 /* lamberjack-left@2x.png */,
				29E98BB3191A882B0046F9B2 /* lamberjack-right@2x.png */,
				296AFB8E191BE197009D5B75 /* hunter-left@2x.png */,
				296AFB8F191BE197009D5B75 /* hunter-right@2x.png */,
			);
			name = Enemies;
			sourceTree = "<group>";
		};
		3F47F9B6192CCFA600C36A39 /* Music */ = {
			isa = PBXGroup;
			children = (
				3F47F9B3192CCF9D00C36A39 /* Music.h */,
				3F47F9B4192CCF9D00C36A39 /* Music.m */,
			);
			name = Music;
			sourceTree = "<group>";
		};
		3F47F9B7192D106300C36A39 /* Progress */ = {
			isa = PBXGroup;
			children = (
				3F47F9B8192D106300C36A39 /* background-progress-bar.png */,
				3F47F9B9192D106300C36A39 /* front-progress-bar.png */,
			);
			path = Progress;
			sourceTree = "<group>";
		};
		3F47F9BC192D41E200C36A39 /* LamberJack */ = {
			isa = PBXGroup;
			children = (
				3F47F9BD192D41E200C36A39 /* lamber-jack-waiting@2x.png */,
				3F47F9BE192D41E200C36A39 /* LamberJackCutting.atlas */,
				3F47F9BF192D41E200C36A39 /* LamberJackDead.atlas */,
				3F47F9C0192D41E200C36A39 /* LamberJackWalking.atlas */,
			);
			name = LamberJack;
			path = Enemy/LamberJack;
			sourceTree = "<group>";
		};
		3F47F9C5192D50F900C36A39 /* Hunter */ = {
			isa = PBXGroup;
			children = (
				3F47F9C6192D50F900C36A39 /* hunter-waiting@2x.png */,
				3F47F9C7192D50F900C36A39 /* HunterDead.atlas */,
				3F47F9C8192D50F900C36A39 /* HunterWalking.atlas */,
			);
			name = Hunter;
			path = Enemy/Hunter;
			sourceTree = "<group>";
		};
		3F50F12119194EB200A37F85 /* Classes */ = {
			isa = PBXGroup;
			children = (
				3F50F12519194EE000A37F85 /* Helpers */,
				3F50F12419194EC700A37F85 /* Controllers */,
				3F50F12E19194FA400A37F85 /* Scenes */,
				3F50F12219194EB700A37F85 /* Models */,
			);
			name = Classes;
			sourceTree = "<group>";
		};
		3F50F12219194EB700A37F85 /* Models */ = {
			isa = PBXGroup;
			children = (
				3F47F9B6192CCFA600C36A39 /* Music */,
				10B4196119260667005D4EDC /* UserData */,
				3FF6376E191CD50E000721A2 /* Resume */,
				3F64F763191A9DCB00102094 /* ProgressBar */,
				29E98BA6191A871F0046F9B2 /* Enemy */,
				3F7D4369191A3BB200DF30D6 /* GameController */,
				3F64F758191A8E9500102094 /* GameData */,
				2950D27B192B865C00C12A52 /* LeafTransition */,
				3F50F12D19194F9A00A37F85 /* Monkey */,
				3F50F12919194F3F00A37F85 /* TreeBranch */,
				3F50F12819194F3200A37F85 /* Item */,
			);
			name = Models;
			sourceTree = "<group>";
		};
		3F50F12419194EC700A37F85 /* Controllers */ = {
			isa = PBXGroup;
			children = (
				10C59A071919492200907493 /* ViewController.h */,
				10C59A081919492200907493 /* ViewController.m */,
				3F5959DA191C1D5B006EE846 /* HomeViewController.h */,
				3F5959DB191C1D5B006EE846 /* HomeViewController.m */,
				3FF111211926078C005C9DD1 /* SettingsViewController.h */,
				3FF111221926078C005C9DD1 /* SettingsViewController.m */,
			);
			name = Controllers;
			sourceTree = "<group>";
		};
		3F50F12519194EE000A37F85 /* Helpers */ = {
			isa = PBXGroup;
			children = (
				3FB7C480192DE4BE00801643 /* Size */,
				299400F9192CD0FD00F0CC97 /* LabelButton */,
			);
			name = Helpers;
			sourceTree = "<group>";
		};
		3F50F12719194EFD00A37F85 /* Librairies */ = {
			isa = PBXGroup;
			children = (
			);
			name = Librairies;
			sourceTree = "<group>";
		};
		3F50F12819194F3200A37F85 /* Item */ = {
			isa = PBXGroup;
			children = (
				10C59A2419194D5D00907493 /* Item.h */,
				10C59A2519194D5D00907493 /* Item.m */,
				101234081919512500B035D9 /* Weapon.h */,
				101234091919512500B035D9 /* Weapon.m */,
				1012340B1919519600B035D9 /* Bonus.h */,
				1012340C1919519600B035D9 /* Bonus.m */,
				1012340E191951CF00B035D9 /* Malus.h */,
				1012340F191951CF00B035D9 /* Malus.m */,
				3F50F12C19194F6D00A37F85 /* CocoNuts */,
				3F50F12B19194F6300A37F85 /* Banana */,
				3F50F12A19194F4D00A37F85 /* Prune */,
				109E9305191A60EF00DD5623 /* Action.h */,
				109E9306191A60EF00DD5623 /* Action.m */,
			);
			name = Item;
			sourceTree = "<group>";
		};
		3F50F12919194F3F00A37F85 /* TreeBranch */ = {
			isa = PBXGroup;
			children = (
				10C59A041919491200907493 /* TreeBranch.h */,
				10C59A051919491200907493 /* TreeBranch.m */,
			);
			name = TreeBranch;
			sourceTree = "<group>";
		};
		3F50F12A19194F4D00A37F85 /* Prune */ = {
			isa = PBXGroup;
			children = (
				10C59A2019194CF700907493 /* Prune.h */,
				10C59A1E19194C7400907493 /* Prune.m */,
			);
			name = Prune;
			sourceTree = "<group>";
		};
		3F50F12B19194F6300A37F85 /* Banana */ = {
			isa = PBXGroup;
			children = (
				10C599F5191948B500907493 /* Banana.h */,
				10C599F6191948B500907493 /* Banana.m */,
			);
			name = Banana;
			sourceTree = "<group>";
		};
		3F50F12C19194F6D00A37F85 /* CocoNuts */ = {
			isa = PBXGroup;
			children = (
				10C599F7191948B500907493 /* CocoNuts.h */,
				10C599F8191948B500907493 /* CocoNuts.m */,
			);
			name = CocoNuts;
			sourceTree = "<group>";
		};
		3F50F12D19194F9A00A37F85 /* Monkey */ = {
			isa = PBXGroup;
			children = (
				10C599FB191948CB00907493 /* Monkey.h */,
				10C599FC191948CB00907493 /* Monkey.m */,
			);
			name = Monkey;
			sourceTree = "<group>";
		};
		3F50F12E19194FA400A37F85 /* Scenes */ = {
			isa = PBXGroup;
			children = (
				10C59A1919194A0D00907493 /* MyScene.h */,
				10C599FE1919490900907493 /* MyScene.m */,
				10C59A2119194D1500907493 /* MyScene+GeneratorWave.h */,
				10C59A2219194D1500907493 /* MyScene+GeneratorWave.m */,
				10AB3470192CC74E00661301 /* TankScene.h */,
				10AB3471192CC74E00661301 /* TankScene.m */,
			);
			name = Scenes;
			sourceTree = "<group>";
		};
		3F64F758191A8E9500102094 /* GameData */ = {
			isa = PBXGroup;
			children = (
				3F64F759191A8EB400102094 /* GameData.h */,
				3F64F75A191A8EB400102094 /* GameData.m */,
				10A495DE192B419D005299D8 /* GameCenter.h */,
				10A495DF192B419D005299D8 /* GameCenter.m */,
				A5731ABA19275AF300023346 /* Achievement.h */,
				A5731ABB19275AF300023346 /* Achievement.m */,
				1010BD5319261655003F8436 /* PreloadData.h */,
				1010BD5419261655003F8436 /* PreloadData.m */,
			);
			name = GameData;
			sourceTree = "<group>";
		};
		3F64F763191A9DCB00102094 /* ProgressBar */ = {
			isa = PBXGroup;
			children = (
				3F64F764191A9DD900102094 /* ProgressBar.h */,
				3F64F765191A9DD900102094 /* ProgressBar.m */,
			);
			name = ProgressBar;
			sourceTree = "<group>";
		};
		3F7D4369191A3BB200DF30D6 /* GameController */ = {
			isa = PBXGroup;
			children = (
				3F7D436A191A3BC800DF30D6 /* GameController.h */,
				3F7D436B191A3BC800DF30D6 /* GameController.m */,
			);
			name = GameController;
			sourceTree = "<group>";
		};
		3FB2A490191B79900027B2C7 /* Items */ = {
			isa = PBXGroup;
			children = (
				3FB2A497191B7DA80027B2C7 /* splash-prune@2x.png */,
				3FB2A495191B7C580027B2C7 /* prune@2x.png */,
				3FB2A491191B79900027B2C7 /* banana@2x.png */,
				3FB2A492191B79900027B2C7 /* coconut@2x.png */,
			);
			path = Items;
			sourceTree = "<group>";
		};
		3FB2A499191BB20C0027B2C7 /* Sounds */ = {
			isa = PBXGroup;
			children = (
				3F0CD894191D423E0079A5EB /* baomonkey.m4a */,
				2910BA95191D27B300E4B281 /* BaoMonkey.mp3 */,
				3FB2A49A191BB20C0027B2C7 /* Items */,
			);
			path = Sounds;
			sourceTree = "<group>";
		};
		3FB2A49A191BB20C0027B2C7 /* Items */ = {
			isa = PBXGroup;
			children = (
				3FB2A49D191BD36A0027B2C7 /* coconut.mp3 */,
				3FB2A49B191BB20C0027B2C7 /* splash.mp3 */,
			);
			path = Items;
			sourceTree = "<group>";
		};
		3FB7C480192DE4BE00801643 /* Size */ = {
			isa = PBXGroup;
			children = (
				3FB7C481192DE4CA00801643 /* BaoSize.h */,
				3FB7C482192DE4CA00801643 /* BaoSize.m */,
			);
			name = Size;
			sourceTree = "<group>";
		};
		3FF6376E191CD50E000721A2 /* Resume */ = {
			isa = PBXGroup;
			children = (
				3FB67CD9192B4FF600381BDC /* Resume.h */,
				3FB67CDA192B4FF600381BDC /* Resume.m */,
			);
			name = Resume;
			sourceTree = "<group>";
		};
/* End PBXGroup section */

/* Begin PBXNativeTarget section */
		10C599B2191948A300907493 /* BaoMonkey */ = {
			isa = PBXNativeTarget;
			buildConfigurationList = 10C599EF191948A400907493 /* Build configuration list for PBXNativeTarget "BaoMonkey" */;
			buildPhases = (
				10C599AF191948A300907493 /* Sources */,
				10C599B0191948A300907493 /* Frameworks */,
				10C599B1191948A300907493 /* Resources */,
			);
			buildRules = (
			);
			dependencies = (
			);
			name = BaoMonkey;
			productName = BaoMonkey;
			productReference = 10C599B3191948A300907493 /* BaoMonkey.app */;
			productType = "com.apple.product-type.application";
		};
		10C599DD191948A300907493 /* BaoMonkeyTests */ = {
			isa = PBXNativeTarget;
			buildConfigurationList = 10C599F2191948A400907493 /* Build configuration list for PBXNativeTarget "BaoMonkeyTests" */;
			buildPhases = (
				10C599DA191948A300907493 /* Sources */,
				10C599DB191948A300907493 /* Frameworks */,
				10C599DC191948A300907493 /* Resources */,
			);
			buildRules = (
			);
			dependencies = (
				10C599E4191948A300907493 /* PBXTargetDependency */,
			);
			name = BaoMonkeyTests;
			productName = BaoMonkeyTests;
			productReference = 10C599DE191948A300907493 /* BaoMonkeyTests.xctest */;
			productType = "com.apple.product-type.bundle.unit-test";
		};
/* End PBXNativeTarget section */

/* Begin PBXProject section */
		10C599AB191948A300907493 /* Project object */ = {
			isa = PBXProject;
			attributes = {
				LastUpgradeCheck = 0510;
				ORGANIZATIONNAME = BaoMonkey;
				TargetAttributes = {
					10C599B2191948A300907493 = {
						DevelopmentTeam = 44Q2J6374R;
						SystemCapabilities = {
							com.apple.BackgroundModes = {
								enabled = 0;
							};
							com.apple.GameCenter = {
								enabled = 1;
							};
						};
					};
					10C599DD191948A300907493 = {
						TestTargetID = 10C599B2191948A300907493;
					};
				};
			};
			buildConfigurationList = 10C599AE191948A300907493 /* Build configuration list for PBXProject "BaoMonkey" */;
			compatibilityVersion = "Xcode 3.2";
			developmentRegion = English;
			hasScannedForEncodings = 0;
			knownRegions = (
				en,
				Base,
			);
			mainGroup = 10C599AA191948A300907493;
			productRefGroup = 10C599B4191948A300907493 /* Products */;
			projectDirPath = "";
			projectRoot = "";
			targets = (
				10C599B2191948A300907493 /* BaoMonkey */,
				10C599DD191948A300907493 /* BaoMonkeyTests */,
			);
		};
/* End PBXProject section */

/* Begin PBXResourcesBuildPhase section */
		10C599B1191948A300907493 /* Resources */ = {
			isa = PBXResourcesBuildPhase;
			buildActionMask = 2147483647;
			files = (
				10C59A161919492C00907493 /* front-leaf@2x.png in Resources */,
				10C59A141919492C00907493 /* monkey@2x.png in Resources */,
				3FB2A498191B7DA80027B2C7 /* splash-prune@2x.png in Resources */,
				3FB2A49C191BB20C0027B2C7 /* splash.mp3 in Resources */,
				3F47F9BA192D106300C36A39 /* background-progress-bar.png in Resources */,
				3F47F9BB192D106300C36A39 /* front-progress-bar.png in Resources */,
				2950D282192B8DBC00C12A52 /* bottom-leaf@2x.png in Resources */,
				10C59A171919492C00907493 /* tree-branch@2x.png in Resources */,
				3F47F9CA192D50F900C36A39 /* HunterDead.atlas in Resources */,
				3F47F9C9192D50F900C36A39 /* hunter-waiting@2x.png in Resources */,
				3F47F9C1192D41E200C36A39 /* lamber-jack-waiting@2x.png in Resources */,
				10C59A151919492C00907493 /* back-leaf@2x.png in Resources */,
				3FB2A493191B79900027B2C7 /* banana@2x.png in Resources */,
				296AFB90191BE197009D5B75 /* hunter-left@2x.png in Resources */,
				29E98BB4191A882B0046F9B2 /* lamberjack-left@2x.png in Resources */,
				3F0CD895191D423E0079A5EB /* baomonkey.m4a in Resources */,
				296AFB94191CE06B009D5B75 /* cloud@2x.png in Resources */,
				10C599D9191948A300907493 /* Images.xcassets in Resources */,
				10C599CF191948A300907493 /* Main_iPad.storyboard in Resources */,
				29E98BB5191A882B0046F9B2 /* lamberjack-right@2x.png in Resources */,
				296AFB91191BE197009D5B75 /* hunter-right@2x.png in Resources */,
				3F47F9C2192D41E200C36A39 /* LamberJackCutting.atlas in Resources */,
				2910BA96191D27B300E4B281 /* BaoMonkey.mp3 in Resources */,
				3F7D436F191A6FE100DF30D6 /* MonkeyWalking.atlas in Resources */,
				3FB2A49E191BD36A0027B2C7 /* coconut.mp3 in Resources */,
				2950D283192B8DBC00C12A52 /* up-leaf@2x.png in Resources */,
				3F47F9C4192D41E200C36A39 /* LamberJackWalking.atlas in Resources */,
				3F47F9CB192D50F900C36A39 /* HunterWalking.atlas in Resources */,
				3FB2A496191B7C580027B2C7 /* prune@2x.png in Resources */,
				3F47F9C3192D41E200C36A39 /* LamberJackDead.atlas in Resources */,
				10C59A181919492C00907493 /* trunk@2x.png in Resources */,
				10C599CC191948A300907493 /* Main_iPhone.storyboard in Resources */,
				3FB2A494191B79900027B2C7 /* coconut@2x.png in Resources */,
				10C599C3191948A300907493 /* InfoPlist.strings in Resources */,
			);
			runOnlyForDeploymentPostprocessing = 0;
		};
		10C599DC191948A300907493 /* Resources */ = {
			isa = PBXResourcesBuildPhase;
			buildActionMask = 2147483647;
			files = (
				10C599EA191948A400907493 /* InfoPlist.strings in Resources */,
			);
			runOnlyForDeploymentPostprocessing = 0;
		};
/* End PBXResourcesBuildPhase section */

/* Begin PBXSourcesBuildPhase section */
		10C599AF191948A300907493 /* Sources */ = {
			isa = PBXSourcesBuildPhase;
			buildActionMask = 2147483647;
			files = (
				3F64F766191A9DD900102094 /* ProgressBar.m in Sources */,
				29E98BB0191A875D0046F9B2 /* LamberJack.m in Sources */,
				3F64F75B191A8EB400102094 /* GameData.m in Sources */,
				3FB67CDB192B4FF700381BDC /* Resume.m in Sources */,
				1010BD5519261655003F8436 /* PreloadData.m in Sources */,
				3F47F9B5192CCF9D00C36A39 /* Music.m in Sources */,
				296AFB8D191BDFD7009D5B75 /* Hunter.m in Sources */,
				29E98BAD191A874A0046F9B2 /* Enemy.m in Sources */,
				29E98BAA191A87440046F9B2 /* EnemiesController.m in Sources */,
				10C59A1F19194C7400907493 /* Prune.m in Sources */,
				10B4196419260681005D4EDC /* UserData.m in Sources */,
				109E9307191A60EF00DD5623 /* Action.m in Sources */,
				A5731ABC19275AF300023346 /* Achievement.m in Sources */,
				10AB3472192CC74E00661301 /* TankScene.m in Sources */,
				10C59A1C19194BF000907493 /* Banana.m in Sources */,
				3F5959DC191C1D5B006EE846 /* HomeViewController.m in Sources */,
				10A495E0192B419D005299D8 /* GameCenter.m in Sources */,
				2950D27E192B869E00C12A52 /* LeafTransition.m in Sources */,
				10A12F0D191CD02700AA86BE /* Climber.m in Sources */,
				10C59A1D19194BF000907493 /* CocoNuts.m in Sources */,
				3FB7C483192DE4CA00801643 /* BaoSize.m in Sources */,
				10C59A091919492200907493 /* ViewController.m in Sources */,
				10123410191951CF00B035D9 /* Malus.m in Sources */,
				10C59A061919491200907493 /* TreeBranch.m in Sources */,
				10C599FD191948CB00907493 /* Monkey.m in Sources */,
				10C599C9191948A300907493 /* AppDelegate.m in Sources */,
				10C59A2619194D5D00907493 /* Item.m in Sources */,
				3F7D436C191A3BC800DF30D6 /* GameController.m in Sources */,
				10C599C5191948A300907493 /* main.m in Sources */,
				1012340A1919512500B035D9 /* Weapon.m in Sources */,
				1012340D1919519600B035D9 /* Bonus.m in Sources */,
				10C59A021919490900907493 /* MyScene.m in Sources */,
				10C59A2319194D1500907493 /* MyScene+GeneratorWave.m in Sources */,
				3FF111231926078C005C9DD1 /* SettingsViewController.m in Sources */,
				10AB3476192CD1B200661301 /* Tank.m in Sources */,
			);
			runOnlyForDeploymentPostprocessing = 0;
		};
		10C599DA191948A300907493 /* Sources */ = {
			isa = PBXSourcesBuildPhase;
			buildActionMask = 2147483647;
			files = (
				10C599EC191948A400907493 /* BaoMonkeyTests.m in Sources */,
			);
			runOnlyForDeploymentPostprocessing = 0;
		};
/* End PBXSourcesBuildPhase section */

/* Begin PBXTargetDependency section */
		10C599E4191948A300907493 /* PBXTargetDependency */ = {
			isa = PBXTargetDependency;
			target = 10C599B2191948A300907493 /* BaoMonkey */;
			targetProxy = 10C599E3191948A300907493 /* PBXContainerItemProxy */;
		};
/* End PBXTargetDependency section */

/* Begin PBXVariantGroup section */
		10C599C1191948A300907493 /* InfoPlist.strings */ = {
			isa = PBXVariantGroup;
			children = (
				10C599C2191948A300907493 /* en */,
			);
			name = InfoPlist.strings;
			sourceTree = "<group>";
		};
		10C599CA191948A300907493 /* Main_iPhone.storyboard */ = {
			isa = PBXVariantGroup;
			children = (
				10C599CB191948A300907493 /* Base */,
			);
			name = Main_iPhone.storyboard;
			sourceTree = "<group>";
		};
		10C599CD191948A300907493 /* Main_iPad.storyboard */ = {
			isa = PBXVariantGroup;
			children = (
				10C599CE191948A300907493 /* Base */,
			);
			name = Main_iPad.storyboard;
			sourceTree = "<group>";
		};
		10C599E8191948A400907493 /* InfoPlist.strings */ = {
			isa = PBXVariantGroup;
			children = (
				10C599E9191948A400907493 /* en */,
			);
			name = InfoPlist.strings;
			sourceTree = "<group>";
		};
/* End PBXVariantGroup section */

/* Begin XCBuildConfiguration section */
		10C599ED191948A400907493 /* Debug */ = {
			isa = XCBuildConfiguration;
			buildSettings = {
				ALWAYS_SEARCH_USER_PATHS = NO;
				CLANG_CXX_LANGUAGE_STANDARD = "gnu++0x";
				CLANG_CXX_LIBRARY = "libc++";
				CLANG_ENABLE_MODULES = YES;
				CLANG_ENABLE_OBJC_ARC = YES;
				CLANG_WARN_BOOL_CONVERSION = YES;
				CLANG_WARN_CONSTANT_CONVERSION = YES;
				CLANG_WARN_DIRECT_OBJC_ISA_USAGE = YES_ERROR;
				CLANG_WARN_EMPTY_BODY = YES;
				CLANG_WARN_ENUM_CONVERSION = YES;
				CLANG_WARN_INT_CONVERSION = YES;
				CLANG_WARN_OBJC_ROOT_CLASS = YES_ERROR;
				CLANG_WARN__DUPLICATE_METHOD_MATCH = YES;
				CODE_SIGN_IDENTITY = "iPhone Developer: REMI HILLAIRET (NHLG76Z36Y)";
				"CODE_SIGN_IDENTITY[sdk=iphoneos*]" = "iPhone Developer";
				COPY_PHASE_STRIP = NO;
				GCC_C_LANGUAGE_STANDARD = gnu99;
				GCC_DYNAMIC_NO_PIC = NO;
				GCC_OPTIMIZATION_LEVEL = 0;
				GCC_PREPROCESSOR_DEFINITIONS = (
					"DEBUG=1",
					"$(inherited)",
				);
				GCC_SYMBOLS_PRIVATE_EXTERN = NO;
				GCC_WARN_64_TO_32_BIT_CONVERSION = YES;
				GCC_WARN_ABOUT_RETURN_TYPE = YES_ERROR;
				GCC_WARN_UNDECLARED_SELECTOR = YES;
				GCC_WARN_UNINITIALIZED_AUTOS = YES_AGGRESSIVE;
				GCC_WARN_UNUSED_FUNCTION = YES;
				GCC_WARN_UNUSED_VARIABLE = YES;
				IPHONEOS_DEPLOYMENT_TARGET = 7.0;
				ONLY_ACTIVE_ARCH = YES;
				SDKROOT = iphoneos;
				TARGETED_DEVICE_FAMILY = "1,2";
			};
			name = Debug;
		};
		10C599EE191948A400907493 /* Release */ = {
			isa = XCBuildConfiguration;
			buildSettings = {
				ALWAYS_SEARCH_USER_PATHS = NO;
				CLANG_CXX_LANGUAGE_STANDARD = "gnu++0x";
				CLANG_CXX_LIBRARY = "libc++";
				CLANG_ENABLE_MODULES = YES;
				CLANG_ENABLE_OBJC_ARC = YES;
				CLANG_WARN_BOOL_CONVERSION = YES;
				CLANG_WARN_CONSTANT_CONVERSION = YES;
				CLANG_WARN_DIRECT_OBJC_ISA_USAGE = YES_ERROR;
				CLANG_WARN_EMPTY_BODY = YES;
				CLANG_WARN_ENUM_CONVERSION = YES;
				CLANG_WARN_INT_CONVERSION = YES;
				CLANG_WARN_OBJC_ROOT_CLASS = YES_ERROR;
				CLANG_WARN__DUPLICATE_METHOD_MATCH = YES;
				CODE_SIGN_IDENTITY = "iPhone Distribution: REMI HILLAIRET (RFKH8ZM9YU)";
				"CODE_SIGN_IDENTITY[sdk=iphoneos*]" = "iPhone Distribution";
				COPY_PHASE_STRIP = YES;
				ENABLE_NS_ASSERTIONS = NO;
				GCC_C_LANGUAGE_STANDARD = gnu99;
				GCC_WARN_64_TO_32_BIT_CONVERSION = YES;
				GCC_WARN_ABOUT_RETURN_TYPE = YES_ERROR;
				GCC_WARN_UNDECLARED_SELECTOR = YES;
				GCC_WARN_UNINITIALIZED_AUTOS = YES_AGGRESSIVE;
				GCC_WARN_UNUSED_FUNCTION = YES;
				GCC_WARN_UNUSED_VARIABLE = YES;
				IPHONEOS_DEPLOYMENT_TARGET = 7.0;
				SDKROOT = iphoneos;
				TARGETED_DEVICE_FAMILY = "1,2";
				VALIDATE_PRODUCT = YES;
			};
			name = Release;
		};
		10C599F0191948A400907493 /* Debug */ = {
			isa = XCBuildConfiguration;
			buildSettings = {
				ASSETCATALOG_COMPILER_APPICON_NAME = AppIcon;
				ASSETCATALOG_COMPILER_LAUNCHIMAGE_NAME = LaunchImage;
				CODE_SIGN_IDENTITY = "iPhone Developer: REMI HILLAIRET (NHLG76Z36Y)";
				"CODE_SIGN_IDENTITY[sdk=iphoneos*]" = "iPhone Developer";
				GCC_PRECOMPILE_PREFIX_HEADER = YES;
				GCC_PREFIX_HEADER = "BaoMonkey/BaoMonkey-Prefix.pch";
				INFOPLIST_FILE = "BaoMonkey/BaoMonkey-Info.plist";
				IPHONEOS_DEPLOYMENT_TARGET = 7.0;
				PRODUCT_NAME = "$(TARGET_NAME)";
				PROVISIONING_PROFILE = "06C46814-38DE-4391-B7FB-B22027E503E6";
				SPRITEKIT_TEXTURE_ATLAS_OUTPUT = YES;
				WRAPPER_EXTENSION = app;
			};
			name = Debug;
		};
		10C599F1191948A400907493 /* Release */ = {
			isa = XCBuildConfiguration;
			buildSettings = {
				ASSETCATALOG_COMPILER_APPICON_NAME = AppIcon;
				ASSETCATALOG_COMPILER_LAUNCHIMAGE_NAME = LaunchImage;
				CODE_SIGN_IDENTITY = "iPhone Distribution";
				"CODE_SIGN_IDENTITY[sdk=iphoneos*]" = "iPhone Developer";
				GCC_PRECOMPILE_PREFIX_HEADER = YES;
				GCC_PREFIX_HEADER = "BaoMonkey/BaoMonkey-Prefix.pch";
				INFOPLIST_FILE = "BaoMonkey/BaoMonkey-Info.plist";
				IPHONEOS_DEPLOYMENT_TARGET = 7.0;
				PRODUCT_NAME = "$(TARGET_NAME)";
				PROVISIONING_PROFILE = "06C46814-38DE-4391-B7FB-B22027E503E6";
				SPRITEKIT_TEXTURE_ATLAS_OUTPUT = YES;
				WRAPPER_EXTENSION = app;
			};
			name = Release;
		};
		10C599F3191948A400907493 /* Debug */ = {
			isa = XCBuildConfiguration;
			buildSettings = {
				BUNDLE_LOADER = "$(BUILT_PRODUCTS_DIR)/BaoMonkey.app/BaoMonkey";
				FRAMEWORK_SEARCH_PATHS = (
					"$(SDKROOT)/Developer/Library/Frameworks",
					"$(inherited)",
					"$(DEVELOPER_FRAMEWORKS_DIR)",
				);
				GCC_PRECOMPILE_PREFIX_HEADER = YES;
				GCC_PREFIX_HEADER = "BaoMonkey/BaoMonkey-Prefix.pch";
				GCC_PREPROCESSOR_DEFINITIONS = (
					"DEBUG=1",
					"$(inherited)",
				);
				INFOPLIST_FILE = "BaoMonkeyTests/BaoMonkeyTests-Info.plist";
				PRODUCT_NAME = "$(TARGET_NAME)";
				TEST_HOST = "$(BUNDLE_LOADER)";
				WRAPPER_EXTENSION = xctest;
			};
			name = Debug;
		};
		10C599F4191948A400907493 /* Release */ = {
			isa = XCBuildConfiguration;
			buildSettings = {
				BUNDLE_LOADER = "$(BUILT_PRODUCTS_DIR)/BaoMonkey.app/BaoMonkey";
				FRAMEWORK_SEARCH_PATHS = (
					"$(SDKROOT)/Developer/Library/Frameworks",
					"$(inherited)",
					"$(DEVELOPER_FRAMEWORKS_DIR)",
				);
				GCC_PRECOMPILE_PREFIX_HEADER = YES;
				GCC_PREFIX_HEADER = "BaoMonkey/BaoMonkey-Prefix.pch";
				INFOPLIST_FILE = "BaoMonkeyTests/BaoMonkeyTests-Info.plist";
				PRODUCT_NAME = "$(TARGET_NAME)";
				TEST_HOST = "$(BUNDLE_LOADER)";
				WRAPPER_EXTENSION = xctest;
			};
			name = Release;
		};
/* End XCBuildConfiguration section */

/* Begin XCConfigurationList section */
		10C599AE191948A300907493 /* Build configuration list for PBXProject "BaoMonkey" */ = {
			isa = XCConfigurationList;
			buildConfigurations = (
				10C599ED191948A400907493 /* Debug */,
				10C599EE191948A400907493 /* Release */,
			);
			defaultConfigurationIsVisible = 0;
			defaultConfigurationName = Release;
		};
		10C599EF191948A400907493 /* Build configuration list for PBXNativeTarget "BaoMonkey" */ = {
			isa = XCConfigurationList;
			buildConfigurations = (
				10C599F0191948A400907493 /* Debug */,
				10C599F1191948A400907493 /* Release */,
			);
			defaultConfigurationIsVisible = 0;
			defaultConfigurationName = Release;
		};
		10C599F2191948A400907493 /* Build configuration list for PBXNativeTarget "BaoMonkeyTests" */ = {
			isa = XCConfigurationList;
			buildConfigurations = (
				10C599F3191948A400907493 /* Debug */,
				10C599F4191948A400907493 /* Release */,
			);
			defaultConfigurationIsVisible = 0;
			defaultConfigurationName = Release;
		};
/* End XCConfigurationList section */
	};
	rootObject = 10C599AB191948A300907493 /* Project object */;
}
