// !$*UTF8*$!
{
	archiveVersion = 1;
	classes = {
	};
	objectVersion = 46;
	objects = {

/* Begin PBXBuildFile section */
		103A59261942260C00794E98 /* fire_ipad.sks in Resources */ = {isa = PBXBuildFile; fileRef = 103A59251942260C00794E98 /* fire_ipad.sks */; };
		108C7E39193CCBE200ADCB85 /* smokeTank.sks in Resources */ = {isa = PBXBuildFile; fileRef = 108C7E37193CCBE200ADCB85 /* smokeTank.sks */; };
		108C7E3A193CCBE200ADCB85 /* spark.png in Resources */ = {isa = PBXBuildFile; fileRef = 108C7E38193CCBE200ADCB85 /* spark.png */; };
		10962973194755D300AF2E30 /* Credit.m in Sources */ = {isa = PBXBuildFile; fileRef = 10962972194755D300AF2E30 /* Credit.m */; };
		10A7477119405D7D001BF4FC /* Helicopter.m in Sources */ = {isa = PBXBuildFile; fileRef = 10A7476E19405D7D001BF4FC /* Helicopter.m */; };
		10A7477219405D7D001BF4FC /* HelicopterScene.m in Sources */ = {isa = PBXBuildFile; fileRef = 10A7477019405D7D001BF4FC /* HelicopterScene.m */; };
		10A7477B19405D8C001BF4FC /* MyScene.m in Sources */ = {isa = PBXBuildFile; fileRef = 10A7477419405D8C001BF4FC /* MyScene.m */; };
		10A7477C19405D8C001BF4FC /* MyScene+Climber.m in Sources */ = {isa = PBXBuildFile; fileRef = 10A7477619405D8C001BF4FC /* MyScene+Climber.m */; };
		10A7477D19405D8C001BF4FC /* MyScene+GeneratorWave.m in Sources */ = {isa = PBXBuildFile; fileRef = 10A7477819405D8C001BF4FC /* MyScene+GeneratorWave.m */; };
		10A7477E19405D8C001BF4FC /* MyScene+LoadBoss.m in Sources */ = {isa = PBXBuildFile; fileRef = 10A7477A19405D8C001BF4FC /* MyScene+LoadBoss.m */; };
		10B2E580193DC7EE00DDEF3A /* fire.sks in Resources */ = {isa = PBXBuildFile; fileRef = 10B2E57F193DC7EE00DDEF3A /* fire.sks */; };
		10C599B7191948A300907493 /* Foundation.framework in Frameworks */ = {isa = PBXBuildFile; fileRef = 10C599B6191948A300907493 /* Foundation.framework */; };
		10C599B9191948A300907493 /* CoreGraphics.framework in Frameworks */ = {isa = PBXBuildFile; fileRef = 10C599B8191948A300907493 /* CoreGraphics.framework */; };
		10C599BB191948A300907493 /* UIKit.framework in Frameworks */ = {isa = PBXBuildFile; fileRef = 10C599BA191948A300907493 /* UIKit.framework */; };
		10C599BD191948A300907493 /* SpriteKit.framework in Frameworks */ = {isa = PBXBuildFile; fileRef = 10C599BC191948A300907493 /* SpriteKit.framework */; };
		10C599C3191948A300907493 /* InfoPlist.strings in Resources */ = {isa = PBXBuildFile; fileRef = 10C599C1191948A300907493 /* InfoPlist.strings */; };
		10C599C5191948A300907493 /* main.m in Sources */ = {isa = PBXBuildFile; fileRef = 10C599C4191948A300907493 /* main.m */; };
		10C599C9191948A300907493 /* AppDelegate.m in Sources */ = {isa = PBXBuildFile; fileRef = 10C599C8191948A300907493 /* AppDelegate.m */; };
		10C599E0191948A300907493 /* XCTest.framework in Frameworks */ = {isa = PBXBuildFile; fileRef = 10C599DF191948A300907493 /* XCTest.framework */; };
		10C599E1191948A300907493 /* Foundation.framework in Frameworks */ = {isa = PBXBuildFile; fileRef = 10C599B6191948A300907493 /* Foundation.framework */; };
		10C599E2191948A300907493 /* UIKit.framework in Frameworks */ = {isa = PBXBuildFile; fileRef = 10C599BA191948A300907493 /* UIKit.framework */; };
		10C599EA191948A400907493 /* InfoPlist.strings in Resources */ = {isa = PBXBuildFile; fileRef = 10C599E8191948A400907493 /* InfoPlist.strings */; };
		10C599EC191948A400907493 /* BaoMonkeyTests.m in Sources */ = {isa = PBXBuildFile; fileRef = 10C599EB191948A400907493 /* BaoMonkeyTests.m */; };
		2910BA96191D27B300E4B281 /* BaoMonkey.mp3 in Resources */ = {isa = PBXBuildFile; fileRef = 2910BA95191D27B300E4B281 /* BaoMonkey.mp3 */; };
		295373E51941FFDA00611212 /* Ravie.ttf in Resources */ = {isa = PBXBuildFile; fileRef = 295373E41941FFDA00611212 /* Ravie.ttf */; };
		29A3D4CF193C66F5003A71DC /* Main_iPhone.storyboard in Resources */ = {isa = PBXBuildFile; fileRef = 10C599CA191948A300907493 /* Main_iPhone.storyboard */; };
		29A3D4D0193C66F5003A71DC /* Main_iPad.storyboard in Resources */ = {isa = PBXBuildFile; fileRef = 10C599CD191948A300907493 /* Main_iPad.storyboard */; };
		29CE19001926008600513925 /* GameKit.framework in Frameworks */ = {isa = PBXBuildFile; fileRef = 29CE18FF1926008600513925 /* GameKit.framework */; };
		3F0CD895191D423E0079A5EB /* baomonkey.m4a in Resources */ = {isa = PBXBuildFile; fileRef = 3F0CD894191D423E0079A5EB /* baomonkey.m4a */; };
		3F36C4B0193FB807009D371D /* Achievement.m in Sources */ = {isa = PBXBuildFile; fileRef = 3F36C476193FB807009D371D /* Achievement.m */; };
		3F36C4B1193FB807009D371D /* GameCenter.m in Sources */ = {isa = PBXBuildFile; fileRef = 3F36C478193FB807009D371D /* GameCenter.m */; };
		3F36C4B2193FB807009D371D /* GameController.m in Sources */ = {isa = PBXBuildFile; fileRef = 3F36C47B193FB807009D371D /* GameController.m */; };
		3F36C4B3193FB807009D371D /* GameData.m in Sources */ = {isa = PBXBuildFile; fileRef = 3F36C47E193FB807009D371D /* GameData.m */; };
		3F36C4B4193FB807009D371D /* Action.m in Sources */ = {isa = PBXBuildFile; fileRef = 3F36C482193FB807009D371D /* Action.m */; };
		3F36C4B5193FB807009D371D /* Bonus.m in Sources */ = {isa = PBXBuildFile; fileRef = 3F36C485193FB807009D371D /* Bonus.m */; };
		3F36C4B6193FB807009D371D /* Shield.m in Sources */ = {isa = PBXBuildFile; fileRef = 3F36C488193FB807009D371D /* Shield.m */; };
		3F36C4B7193FB807009D371D /* Item.m in Sources */ = {isa = PBXBuildFile; fileRef = 3F36C48B193FB807009D371D /* Item.m */; };
		3F36C4B8193FB807009D371D /* Banana.m in Sources */ = {isa = PBXBuildFile; fileRef = 3F36C48F193FB807009D371D /* Banana.m */; };
		3F36C4B9193FB807009D371D /* Malus.m in Sources */ = {isa = PBXBuildFile; fileRef = 3F36C491193FB807009D371D /* Malus.m */; };
		3F36C4BA193FB807009D371D /* Prune.m in Sources */ = {isa = PBXBuildFile; fileRef = 3F36C494193FB807009D371D /* Prune.m */; };
		3F36C4BB193FB807009D371D /* CocoNuts.m in Sources */ = {isa = PBXBuildFile; fileRef = 3F36C498193FB807009D371D /* CocoNuts.m */; };
		3F36C4BC193FB807009D371D /* Weapon.m in Sources */ = {isa = PBXBuildFile; fileRef = 3F36C49A193FB807009D371D /* Weapon.m */; };
		3F36C4BD193FB807009D371D /* Monkey.m in Sources */ = {isa = PBXBuildFile; fileRef = 3F36C49D193FB807009D371D /* Monkey.m */; };
		3F36C4BE193FB807009D371D /* Music.m in Sources */ = {isa = PBXBuildFile; fileRef = 3F36C4A0193FB807009D371D /* Music.m */; };
		3F36C4BF193FB807009D371D /* PreloadData.m in Sources */ = {isa = PBXBuildFile; fileRef = 3F36C4A3193FB807009D371D /* PreloadData.m */; };
		3F36C4C0193FB807009D371D /* ProgressBar.m in Sources */ = {isa = PBXBuildFile; fileRef = 3F36C4A6193FB807009D371D /* ProgressBar.m */; };
		3F36C4C1193FB807009D371D /* Resume.m in Sources */ = {isa = PBXBuildFile; fileRef = 3F36C4A9193FB807009D371D /* Resume.m */; };
		3F36C4C2193FB807009D371D /* TreeBranch.m in Sources */ = {isa = PBXBuildFile; fileRef = 3F36C4AC193FB807009D371D /* TreeBranch.m */; };
		3F36C4C3193FB807009D371D /* UserData.m in Sources */ = {isa = PBXBuildFile; fileRef = 3F36C4AF193FB807009D371D /* UserData.m */; };
		3F595E9E193FB64400150ED8 /* Climber.m in Sources */ = {isa = PBXBuildFile; fileRef = 3F595E8B193FB64400150ED8 /* Climber.m */; };
		3F595E9F193FB64400150ED8 /* EnemiesController.m in Sources */ = {isa = PBXBuildFile; fileRef = 3F595E8E193FB64400150ED8 /* EnemiesController.m */; };
		3F595EA0193FB64400150ED8 /* Enemy.m in Sources */ = {isa = PBXBuildFile; fileRef = 3F595E91193FB64400150ED8 /* Enemy.m */; };
		3F595EA1193FB64400150ED8 /* Hunter.m in Sources */ = {isa = PBXBuildFile; fileRef = 3F595E94193FB64400150ED8 /* Hunter.m */; };
		3F595EA2193FB64400150ED8 /* LamberJack.m in Sources */ = {isa = PBXBuildFile; fileRef = 3F595E97193FB64400150ED8 /* LamberJack.m */; };
		3F595EA3193FB64400150ED8 /* LamberJackMachine.m in Sources */ = {isa = PBXBuildFile; fileRef = 3F595E9A193FB64400150ED8 /* LamberJackMachine.m */; };
		3F595EA4193FB64400150ED8 /* Tank.m in Sources */ = {isa = PBXBuildFile; fileRef = 3F595E9D193FB64400150ED8 /* Tank.m */; };
		3F7F3AF5194BA4B200EA7D91 /* BaoFontSize.m in Sources */ = {isa = PBXBuildFile; fileRef = 3F7F3AF4194BA4B200EA7D91 /* BaoFontSize.m */; };
		3F99D50F193FB2F40054AC9B /* BaoButton.m in Sources */ = {isa = PBXBuildFile; fileRef = 3F99D50B193FB2F40054AC9B /* BaoButton.m */; };
		3F99D510193FB2F40054AC9B /* BaoSize.m in Sources */ = {isa = PBXBuildFile; fileRef = 3F99D50E193FB2F40054AC9B /* BaoSize.m */; };
		3FB2A49C191BB20C0027B2C7 /* splash.mp3 in Resources */ = {isa = PBXBuildFile; fileRef = 3FB2A49B191BB20C0027B2C7 /* splash.mp3 */; };
		3FB2A49E191BD36A0027B2C7 /* coconut.mp3 in Resources */ = {isa = PBXBuildFile; fileRef = 3FB2A49D191BD36A0027B2C7 /* coconut.mp3 */; };
		3FC52F5B193FB54600DCDCB7 /* GameOverScene.m in Sources */ = {isa = PBXBuildFile; fileRef = 3FC52F3A193FB54600DCDCB7 /* GameOverScene.m */; };
		3FC52F5E193FB54600DCDCB7 /* LamberJackMachineScene.m in Sources */ = {isa = PBXBuildFile; fileRef = 3FC52F42193FB54600DCDCB7 /* LamberJackMachineScene.m */; };
		3FC52F5F193FB54600DCDCB7 /* MainMenu.m in Sources */ = {isa = PBXBuildFile; fileRef = 3FC52F45193FB54600DCDCB7 /* MainMenu.m */; };
		3FC52F64193FB54600DCDCB7 /* PauseScene.m in Sources */ = {isa = PBXBuildFile; fileRef = 3FC52F52193FB54600DCDCB7 /* PauseScene.m */; };
		3FC52F65193FB54600DCDCB7 /* Settings.m in Sources */ = {isa = PBXBuildFile; fileRef = 3FC52F55193FB54600DCDCB7 /* Settings.m */; };
		3FC52F66193FB54600DCDCB7 /* SpriteKitCursor.m in Sources */ = {isa = PBXBuildFile; fileRef = 3FC52F57193FB54600DCDCB7 /* SpriteKitCursor.m */; };
		3FC52F67193FB54600DCDCB7 /* TankScene.m in Sources */ = {isa = PBXBuildFile; fileRef = 3FC52F5A193FB54600DCDCB7 /* TankScene.m */; };
		3FCEC1C0194AFD0B00C01F40 /* Images.xcassets in Resources */ = {isa = PBXBuildFile; fileRef = 3FCEC1BF194AFD0B00C01F40 /* Images.xcassets */; };
		3FD4B6581940A80300455FBE /* BaoPosition.m in Sources */ = {isa = PBXBuildFile; fileRef = 3FD4B6571940A80300455FBE /* BaoPosition.m */; };
		3FD8D6D0193FB3AB00E24ADE /* ViewController.m in Sources */ = {isa = PBXBuildFile; fileRef = 3FD8D6CF193FB3AB00E24ADE /* ViewController.m */; };
/* End PBXBuildFile section */

/* Begin PBXContainerItemProxy section */
		10C599E3191948A300907493 /* PBXContainerItemProxy */ = {
			isa = PBXContainerItemProxy;
			containerPortal = 10C599AB191948A300907493 /* Project object */;
			proxyType = 1;
			remoteGlobalIDString = 10C599B2191948A300907493;
			remoteInfo = BaoMonkey;
		};
/* End PBXContainerItemProxy section */

/* Begin PBXFileReference section */
		103A59251942260C00794E98 /* fire_ipad.sks */ = {isa = PBXFileReference; lastKnownFileType = file.sks; path = fire_ipad.sks; sourceTree = "<group>"; };
		108C7E37193CCBE200ADCB85 /* smokeTank.sks */ = {isa = PBXFileReference; lastKnownFileType = file.sks; path = smokeTank.sks; sourceTree = "<group>"; };
		108C7E38193CCBE200ADCB85 /* spark.png */ = {isa = PBXFileReference; lastKnownFileType = image.png; path = spark.png; sourceTree = "<group>"; };
		10962971194755D300AF2E30 /* Credit.h */ = {isa = PBXFileReference; fileEncoding = 4; lastKnownFileType = sourcecode.c.h; path = Credit.h; sourceTree = "<group>"; };
		10962972194755D300AF2E30 /* Credit.m */ = {isa = PBXFileReference; fileEncoding = 4; lastKnownFileType = sourcecode.c.objc; path = Credit.m; sourceTree = "<group>"; };
		10A7476D19405D7D001BF4FC /* Helicopter.h */ = {isa = PBXFileReference; fileEncoding = 4; lastKnownFileType = sourcecode.c.h; path = Helicopter.h; sourceTree = "<group>"; };
		10A7476E19405D7D001BF4FC /* Helicopter.m */ = {isa = PBXFileReference; fileEncoding = 4; lastKnownFileType = sourcecode.c.objc; path = Helicopter.m; sourceTree = "<group>"; };
		10A7476F19405D7D001BF4FC /* HelicopterScene.h */ = {isa = PBXFileReference; fileEncoding = 4; lastKnownFileType = sourcecode.c.h; path = HelicopterScene.h; sourceTree = "<group>"; };
		10A7477019405D7D001BF4FC /* HelicopterScene.m */ = {isa = PBXFileReference; fileEncoding = 4; lastKnownFileType = sourcecode.c.objc; path = HelicopterScene.m; sourceTree = "<group>"; };
		10A7477319405D8C001BF4FC /* MyScene.h */ = {isa = PBXFileReference; fileEncoding = 4; lastKnownFileType = sourcecode.c.h; path = MyScene.h; sourceTree = "<group>"; };
		10A7477419405D8C001BF4FC /* MyScene.m */ = {isa = PBXFileReference; fileEncoding = 4; lastKnownFileType = sourcecode.c.objc; path = MyScene.m; sourceTree = "<group>"; };
		10A7477519405D8C001BF4FC /* MyScene+Climber.h */ = {isa = PBXFileReference; fileEncoding = 4; lastKnownFileType = sourcecode.c.h; path = "MyScene+Climber.h"; sourceTree = "<group>"; };
		10A7477619405D8C001BF4FC /* MyScene+Climber.m */ = {isa = PBXFileReference; fileEncoding = 4; lastKnownFileType = sourcecode.c.objc; path = "MyScene+Climber.m"; sourceTree = "<group>"; };
		10A7477719405D8C001BF4FC /* MyScene+GeneratorWave.h */ = {isa = PBXFileReference; fileEncoding = 4; lastKnownFileType = sourcecode.c.h; path = "MyScene+GeneratorWave.h"; sourceTree = "<group>"; };
		10A7477819405D8C001BF4FC /* MyScene+GeneratorWave.m */ = {isa = PBXFileReference; fileEncoding = 4; lastKnownFileType = sourcecode.c.objc; path = "MyScene+GeneratorWave.m"; sourceTree = "<group>"; };
		10A7477919405D8C001BF4FC /* MyScene+LoadBoss.h */ = {isa = PBXFileReference; fileEncoding = 4; lastKnownFileType = sourcecode.c.h; path = "MyScene+LoadBoss.h"; sourceTree = "<group>"; };
		10A7477A19405D8C001BF4FC /* MyScene+LoadBoss.m */ = {isa = PBXFileReference; fileEncoding = 4; lastKnownFileType = sourcecode.c.objc; path = "MyScene+LoadBoss.m"; sourceTree = "<group>"; };
		10B2E57F193DC7EE00DDEF3A /* fire.sks */ = {isa = PBXFileReference; lastKnownFileType = file.sks; path = fire.sks; sourceTree = "<group>"; };
		10C599B3191948A300907493 /* BaoMonkey.app */ = {isa = PBXFileReference; explicitFileType = wrapper.application; includeInIndex = 0; path = BaoMonkey.app; sourceTree = BUILT_PRODUCTS_DIR; };
		10C599B6191948A300907493 /* Foundation.framework */ = {isa = PBXFileReference; lastKnownFileType = wrapper.framework; name = Foundation.framework; path = System/Library/Frameworks/Foundation.framework; sourceTree = SDKROOT; };
		10C599B8191948A300907493 /* CoreGraphics.framework */ = {isa = PBXFileReference; lastKnownFileType = wrapper.framework; name = CoreGraphics.framework; path = System/Library/Frameworks/CoreGraphics.framework; sourceTree = SDKROOT; };
		10C599BA191948A300907493 /* UIKit.framework */ = {isa = PBXFileReference; lastKnownFileType = wrapper.framework; name = UIKit.framework; path = System/Library/Frameworks/UIKit.framework; sourceTree = SDKROOT; };
		10C599BC191948A300907493 /* SpriteKit.framework */ = {isa = PBXFileReference; lastKnownFileType = wrapper.framework; name = SpriteKit.framework; path = System/Library/Frameworks/SpriteKit.framework; sourceTree = SDKROOT; };
		10C599C0191948A300907493 /* BaoMonkey-Info.plist */ = {isa = PBXFileReference; lastKnownFileType = text.plist.xml; path = "BaoMonkey-Info.plist"; sourceTree = "<group>"; };
		10C599C2191948A300907493 /* en */ = {isa = PBXFileReference; lastKnownFileType = text.plist.strings; name = en; path = en.lproj/InfoPlist.strings; sourceTree = "<group>"; };
		10C599C4191948A300907493 /* main.m */ = {isa = PBXFileReference; lastKnownFileType = sourcecode.c.objc; path = main.m; sourceTree = "<group>"; };
		10C599C6191948A300907493 /* BaoMonkey-Prefix.pch */ = {isa = PBXFileReference; lastKnownFileType = sourcecode.c.h; path = "BaoMonkey-Prefix.pch"; sourceTree = "<group>"; };
		10C599C7191948A300907493 /* AppDelegate.h */ = {isa = PBXFileReference; lastKnownFileType = sourcecode.c.h; path = AppDelegate.h; sourceTree = "<group>"; };
		10C599C8191948A300907493 /* AppDelegate.m */ = {isa = PBXFileReference; lastKnownFileType = sourcecode.c.objc; path = AppDelegate.m; sourceTree = "<group>"; };
		10C599CB191948A300907493 /* Base */ = {isa = PBXFileReference; lastKnownFileType = file.storyboard; name = Base; path = Base.lproj/Main_iPhone.storyboard; sourceTree = "<group>"; };
		10C599CE191948A300907493 /* Base */ = {isa = PBXFileReference; lastKnownFileType = file.storyboard; name = Base; path = Base.lproj/Main_iPad.storyboard; sourceTree = "<group>"; };
		10C599DE191948A300907493 /* BaoMonkeyTests.xctest */ = {isa = PBXFileReference; explicitFileType = wrapper.cfbundle; includeInIndex = 0; path = BaoMonkeyTests.xctest; sourceTree = BUILT_PRODUCTS_DIR; };
		10C599DF191948A300907493 /* XCTest.framework */ = {isa = PBXFileReference; lastKnownFileType = wrapper.framework; name = XCTest.framework; path = Library/Frameworks/XCTest.framework; sourceTree = DEVELOPER_DIR; };
		10C599E7191948A400907493 /* BaoMonkeyTests-Info.plist */ = {isa = PBXFileReference; lastKnownFileType = text.plist.xml; path = "BaoMonkeyTests-Info.plist"; sourceTree = "<group>"; };
		10C599E9191948A400907493 /* en */ = {isa = PBXFileReference; lastKnownFileType = text.plist.strings; name = en; path = en.lproj/InfoPlist.strings; sourceTree = "<group>"; };
		10C599EB191948A400907493 /* BaoMonkeyTests.m */ = {isa = PBXFileReference; lastKnownFileType = sourcecode.c.objc; path = BaoMonkeyTests.m; sourceTree = "<group>"; };
		2910BA95191D27B300E4B281 /* BaoMonkey.mp3 */ = {isa = PBXFileReference; lastKnownFileType = audio.mp3; path = BaoMonkey.mp3; sourceTree = "<group>"; };
		295373E41941FFDA00611212 /* Ravie.ttf */ = {isa = PBXFileReference; lastKnownFileType = file; name = Ravie.ttf; path = Fonts/Ravie.ttf; sourceTree = "<group>"; };
		29CE18FF1926008600513925 /* GameKit.framework */ = {isa = PBXFileReference; lastKnownFileType = wrapper.framework; name = GameKit.framework; path = System/Library/Frameworks/GameKit.framework; sourceTree = SDKROOT; };
		3F0CD894191D423E0079A5EB /* baomonkey.m4a */ = {isa = PBXFileReference; lastKnownFileType = file; path = baomonkey.m4a; sourceTree = "<group>"; };
		3F36C475193FB807009D371D /* Achievement.h */ = {isa = PBXFileReference; fileEncoding = 4; lastKnownFileType = sourcecode.c.h; path = Achievement.h; sourceTree = "<group>"; };
		3F36C476193FB807009D371D /* Achievement.m */ = {isa = PBXFileReference; fileEncoding = 4; lastKnownFileType = sourcecode.c.objc; path = Achievement.m; sourceTree = "<group>"; };
		3F36C477193FB807009D371D /* GameCenter.h */ = {isa = PBXFileReference; fileEncoding = 4; lastKnownFileType = sourcecode.c.h; path = GameCenter.h; sourceTree = "<group>"; };
		3F36C478193FB807009D371D /* GameCenter.m */ = {isa = PBXFileReference; fileEncoding = 4; lastKnownFileType = sourcecode.c.objc; path = GameCenter.m; sourceTree = "<group>"; };
		3F36C47A193FB807009D371D /* GameController.h */ = {isa = PBXFileReference; fileEncoding = 4; lastKnownFileType = sourcecode.c.h; path = GameController.h; sourceTree = "<group>"; };
		3F36C47B193FB807009D371D /* GameController.m */ = {isa = PBXFileReference; fileEncoding = 4; lastKnownFileType = sourcecode.c.objc; path = GameController.m; sourceTree = "<group>"; };
		3F36C47D193FB807009D371D /* GameData.h */ = {isa = PBXFileReference; fileEncoding = 4; lastKnownFileType = sourcecode.c.h; path = GameData.h; sourceTree = "<group>"; };
		3F36C47E193FB807009D371D /* GameData.m */ = {isa = PBXFileReference; fileEncoding = 4; lastKnownFileType = sourcecode.c.objc; path = GameData.m; sourceTree = "<group>"; };
		3F36C481193FB807009D371D /* Action.h */ = {isa = PBXFileReference; fileEncoding = 4; lastKnownFileType = sourcecode.c.h; path = Action.h; sourceTree = "<group>"; };
		3F36C482193FB807009D371D /* Action.m */ = {isa = PBXFileReference; fileEncoding = 4; lastKnownFileType = sourcecode.c.objc; path = Action.m; sourceTree = "<group>"; };
		3F36C484193FB807009D371D /* Bonus.h */ = {isa = PBXFileReference; fileEncoding = 4; lastKnownFileType = sourcecode.c.h; path = Bonus.h; sourceTree = "<group>"; };
		3F36C485193FB807009D371D /* Bonus.m */ = {isa = PBXFileReference; fileEncoding = 4; lastKnownFileType = sourcecode.c.objc; path = Bonus.m; sourceTree = "<group>"; };
		3F36C487193FB807009D371D /* Shield.h */ = {isa = PBXFileReference; fileEncoding = 4; lastKnownFileType = sourcecode.c.h; path = Shield.h; sourceTree = "<group>"; };
		3F36C488193FB807009D371D /* Shield.m */ = {isa = PBXFileReference; fileEncoding = 4; lastKnownFileType = sourcecode.c.objc; path = Shield.m; sourceTree = "<group>"; };
		3F36C48A193FB807009D371D /* Item.h */ = {isa = PBXFileReference; fileEncoding = 4; lastKnownFileType = sourcecode.c.h; path = Item.h; sourceTree = "<group>"; };
		3F36C48B193FB807009D371D /* Item.m */ = {isa = PBXFileReference; fileEncoding = 4; lastKnownFileType = sourcecode.c.objc; path = Item.m; sourceTree = "<group>"; };
		3F36C48E193FB807009D371D /* Banana.h */ = {isa = PBXFileReference; fileEncoding = 4; lastKnownFileType = sourcecode.c.h; path = Banana.h; sourceTree = "<group>"; };
		3F36C48F193FB807009D371D /* Banana.m */ = {isa = PBXFileReference; fileEncoding = 4; lastKnownFileType = sourcecode.c.objc; path = Banana.m; sourceTree = "<group>"; };
		3F36C490193FB807009D371D /* Malus.h */ = {isa = PBXFileReference; fileEncoding = 4; lastKnownFileType = sourcecode.c.h; path = Malus.h; sourceTree = "<group>"; };
		3F36C491193FB807009D371D /* Malus.m */ = {isa = PBXFileReference; fileEncoding = 4; lastKnownFileType = sourcecode.c.objc; path = Malus.m; sourceTree = "<group>"; };
		3F36C493193FB807009D371D /* Prune.h */ = {isa = PBXFileReference; fileEncoding = 4; lastKnownFileType = sourcecode.c.h; path = Prune.h; sourceTree = "<group>"; };
		3F36C494193FB807009D371D /* Prune.m */ = {isa = PBXFileReference; fileEncoding = 4; lastKnownFileType = sourcecode.c.objc; path = Prune.m; sourceTree = "<group>"; };
		3F36C497193FB807009D371D /* CocoNuts.h */ = {isa = PBXFileReference; fileEncoding = 4; lastKnownFileType = sourcecode.c.h; path = CocoNuts.h; sourceTree = "<group>"; };
		3F36C498193FB807009D371D /* CocoNuts.m */ = {isa = PBXFileReference; fileEncoding = 4; lastKnownFileType = sourcecode.c.objc; path = CocoNuts.m; sourceTree = "<group>"; };
		3F36C499193FB807009D371D /* Weapon.h */ = {isa = PBXFileReference; fileEncoding = 4; lastKnownFileType = sourcecode.c.h; path = Weapon.h; sourceTree = "<group>"; };
		3F36C49A193FB807009D371D /* Weapon.m */ = {isa = PBXFileReference; fileEncoding = 4; lastKnownFileType = sourcecode.c.objc; path = Weapon.m; sourceTree = "<group>"; };
		3F36C49C193FB807009D371D /* Monkey.h */ = {isa = PBXFileReference; fileEncoding = 4; lastKnownFileType = sourcecode.c.h; path = Monkey.h; sourceTree = "<group>"; };
		3F36C49D193FB807009D371D /* Monkey.m */ = {isa = PBXFileReference; fileEncoding = 4; lastKnownFileType = sourcecode.c.objc; path = Monkey.m; sourceTree = "<group>"; };
		3F36C49F193FB807009D371D /* Music.h */ = {isa = PBXFileReference; fileEncoding = 4; lastKnownFileType = sourcecode.c.h; path = Music.h; sourceTree = "<group>"; };
		3F36C4A0193FB807009D371D /* Music.m */ = {isa = PBXFileReference; fileEncoding = 4; lastKnownFileType = sourcecode.c.objc; path = Music.m; sourceTree = "<group>"; };
		3F36C4A2193FB807009D371D /* PreloadData.h */ = {isa = PBXFileReference; fileEncoding = 4; lastKnownFileType = sourcecode.c.h; path = PreloadData.h; sourceTree = "<group>"; };
		3F36C4A3193FB807009D371D /* PreloadData.m */ = {isa = PBXFileReference; fileEncoding = 4; lastKnownFileType = sourcecode.c.objc; path = PreloadData.m; sourceTree = "<group>"; };
		3F36C4A5193FB807009D371D /* ProgressBar.h */ = {isa = PBXFileReference; fileEncoding = 4; lastKnownFileType = sourcecode.c.h; path = ProgressBar.h; sourceTree = "<group>"; };
		3F36C4A6193FB807009D371D /* ProgressBar.m */ = {isa = PBXFileReference; fileEncoding = 4; lastKnownFileType = sourcecode.c.objc; path = ProgressBar.m; sourceTree = "<group>"; };
		3F36C4A8193FB807009D371D /* Resume.h */ = {isa = PBXFileReference; fileEncoding = 4; lastKnownFileType = sourcecode.c.h; path = Resume.h; sourceTree = "<group>"; };
		3F36C4A9193FB807009D371D /* Resume.m */ = {isa = PBXFileReference; fileEncoding = 4; lastKnownFileType = sourcecode.c.objc; path = Resume.m; sourceTree = "<group>"; };
		3F36C4AB193FB807009D371D /* TreeBranch.h */ = {isa = PBXFileReference; fileEncoding = 4; lastKnownFileType = sourcecode.c.h; path = TreeBranch.h; sourceTree = "<group>"; };
		3F36C4AC193FB807009D371D /* TreeBranch.m */ = {isa = PBXFileReference; fileEncoding = 4; lastKnownFileType = sourcecode.c.objc; path = TreeBranch.m; sourceTree = "<group>"; };
		3F36C4AE193FB807009D371D /* UserData.h */ = {isa = PBXFileReference; fileEncoding = 4; lastKnownFileType = sourcecode.c.h; path = UserData.h; sourceTree = "<group>"; };
		3F36C4AF193FB807009D371D /* UserData.m */ = {isa = PBXFileReference; fileEncoding = 4; lastKnownFileType = sourcecode.c.objc; path = UserData.m; sourceTree = "<group>"; };
		3F595E8A193FB64400150ED8 /* Climber.h */ = {isa = PBXFileReference; fileEncoding = 4; lastKnownFileType = sourcecode.c.h; path = Climber.h; sourceTree = "<group>"; };
		3F595E8B193FB64400150ED8 /* Climber.m */ = {isa = PBXFileReference; fileEncoding = 4; lastKnownFileType = sourcecode.c.objc; path = Climber.m; sourceTree = "<group>"; };
		3F595E8D193FB64400150ED8 /* EnemiesController.h */ = {isa = PBXFileReference; fileEncoding = 4; lastKnownFileType = sourcecode.c.h; path = EnemiesController.h; sourceTree = "<group>"; };
		3F595E8E193FB64400150ED8 /* EnemiesController.m */ = {isa = PBXFileReference; fileEncoding = 4; lastKnownFileType = sourcecode.c.objc; path = EnemiesController.m; sourceTree = "<group>"; };
		3F595E90193FB64400150ED8 /* Enemy.h */ = {isa = PBXFileReference; fileEncoding = 4; lastKnownFileType = sourcecode.c.h; path = Enemy.h; sourceTree = "<group>"; };
		3F595E91193FB64400150ED8 /* Enemy.m */ = {isa = PBXFileReference; fileEncoding = 4; lastKnownFileType = sourcecode.c.objc; path = Enemy.m; sourceTree = "<group>"; };
		3F595E93193FB64400150ED8 /* Hunter.h */ = {isa = PBXFileReference; fileEncoding = 4; lastKnownFileType = sourcecode.c.h; path = Hunter.h; sourceTree = "<group>"; };
		3F595E94193FB64400150ED8 /* Hunter.m */ = {isa = PBXFileReference; fileEncoding = 4; lastKnownFileType = sourcecode.c.objc; path = Hunter.m; sourceTree = "<group>"; };
		3F595E96193FB64400150ED8 /* LamberJack.h */ = {isa = PBXFileReference; fileEncoding = 4; lastKnownFileType = sourcecode.c.h; path = LamberJack.h; sourceTree = "<group>"; };
		3F595E97193FB64400150ED8 /* LamberJack.m */ = {isa = PBXFileReference; fileEncoding = 4; lastKnownFileType = sourcecode.c.objc; path = LamberJack.m; sourceTree = "<group>"; };
		3F595E99193FB64400150ED8 /* LamberJackMachine.h */ = {isa = PBXFileReference; fileEncoding = 4; lastKnownFileType = sourcecode.c.h; path = LamberJackMachine.h; sourceTree = "<group>"; };
		3F595E9A193FB64400150ED8 /* LamberJackMachine.m */ = {isa = PBXFileReference; fileEncoding = 4; lastKnownFileType = sourcecode.c.objc; path = LamberJackMachine.m; sourceTree = "<group>"; };
		3F595E9C193FB64400150ED8 /* Tank.h */ = {isa = PBXFileReference; fileEncoding = 4; lastKnownFileType = sourcecode.c.h; path = Tank.h; sourceTree = "<group>"; };
		3F595E9D193FB64400150ED8 /* Tank.m */ = {isa = PBXFileReference; fileEncoding = 4; lastKnownFileType = sourcecode.c.objc; path = Tank.m; sourceTree = "<group>"; };
		3F7D436D191A3E3F00DF30D6 /* Define.h */ = {isa = PBXFileReference; lastKnownFileType = sourcecode.c.h; path = Define.h; sourceTree = "<group>"; };
		3F7F3AF3194BA4B200EA7D91 /* BaoFontSize.h */ = {isa = PBXFileReference; fileEncoding = 4; lastKnownFileType = sourcecode.c.h; name = BaoFontSize.h; path = Classes/Helpers/BaoFontSize/BaoFontSize.h; sourceTree = "<group>"; };
		3F7F3AF4194BA4B200EA7D91 /* BaoFontSize.m */ = {isa = PBXFileReference; fileEncoding = 4; lastKnownFileType = sourcecode.c.objc; name = BaoFontSize.m; path = Classes/Helpers/BaoFontSize/BaoFontSize.m; sourceTree = "<group>"; };
		3F99D50A193FB2F40054AC9B /* BaoButton.h */ = {isa = PBXFileReference; fileEncoding = 4; lastKnownFileType = sourcecode.c.h; path = BaoButton.h; sourceTree = "<group>"; };
		3F99D50B193FB2F40054AC9B /* BaoButton.m */ = {isa = PBXFileReference; fileEncoding = 4; lastKnownFileType = sourcecode.c.objc; path = BaoButton.m; sourceTree = "<group>"; };
		3F99D50D193FB2F40054AC9B /* BaoSize.h */ = {isa = PBXFileReference; fileEncoding = 4; lastKnownFileType = sourcecode.c.h; path = BaoSize.h; sourceTree = "<group>"; };
		3F99D50E193FB2F40054AC9B /* BaoSize.m */ = {isa = PBXFileReference; fileEncoding = 4; lastKnownFileType = sourcecode.c.objc; path = BaoSize.m; sourceTree = "<group>"; };
		3FB2A49B191BB20C0027B2C7 /* splash.mp3 */ = {isa = PBXFileReference; lastKnownFileType = audio.mp3; path = splash.mp3; sourceTree = "<group>"; };
		3FB2A49D191BD36A0027B2C7 /* coconut.mp3 */ = {isa = PBXFileReference; lastKnownFileType = audio.mp3; path = coconut.mp3; sourceTree = "<group>"; };
		3FC52F39193FB54600DCDCB7 /* GameOverScene.h */ = {isa = PBXFileReference; fileEncoding = 4; lastKnownFileType = sourcecode.c.h; path = GameOverScene.h; sourceTree = "<group>"; };
		3FC52F3A193FB54600DCDCB7 /* GameOverScene.m */ = {isa = PBXFileReference; fileEncoding = 4; lastKnownFileType = sourcecode.c.objc; path = GameOverScene.m; sourceTree = "<group>"; };
		3FC52F41193FB54600DCDCB7 /* LamberJackMachineScene.h */ = {isa = PBXFileReference; fileEncoding = 4; lastKnownFileType = sourcecode.c.h; path = LamberJackMachineScene.h; sourceTree = "<group>"; };
		3FC52F42193FB54600DCDCB7 /* LamberJackMachineScene.m */ = {isa = PBXFileReference; fileEncoding = 4; lastKnownFileType = sourcecode.c.objc; path = LamberJackMachineScene.m; sourceTree = "<group>"; };
		3FC52F44193FB54600DCDCB7 /* MainMenu.h */ = {isa = PBXFileReference; fileEncoding = 4; lastKnownFileType = sourcecode.c.h; path = MainMenu.h; sourceTree = "<group>"; };
		3FC52F45193FB54600DCDCB7 /* MainMenu.m */ = {isa = PBXFileReference; fileEncoding = 4; lastKnownFileType = sourcecode.c.objc; path = MainMenu.m; sourceTree = "<group>"; };
		3FC52F51193FB54600DCDCB7 /* PauseScene.h */ = {isa = PBXFileReference; fileEncoding = 4; lastKnownFileType = sourcecode.c.h; path = PauseScene.h; sourceTree = "<group>"; };
		3FC52F52193FB54600DCDCB7 /* PauseScene.m */ = {isa = PBXFileReference; fileEncoding = 4; lastKnownFileType = sourcecode.c.objc; path = PauseScene.m; sourceTree = "<group>"; };
		3FC52F54193FB54600DCDCB7 /* Settings.h */ = {isa = PBXFileReference; fileEncoding = 4; lastKnownFileType = sourcecode.c.h; path = Settings.h; sourceTree = "<group>"; };
		3FC52F55193FB54600DCDCB7 /* Settings.m */ = {isa = PBXFileReference; fileEncoding = 4; lastKnownFileType = sourcecode.c.objc; path = Settings.m; sourceTree = "<group>"; };
		3FC52F56193FB54600DCDCB7 /* SpriteKitCursor.h */ = {isa = PBXFileReference; fileEncoding = 4; lastKnownFileType = sourcecode.c.h; name = SpriteKitCursor.h; path = Classes/Scenes/SpriteKitCursor.h; sourceTree = "<group>"; };
		3FC52F57193FB54600DCDCB7 /* SpriteKitCursor.m */ = {isa = PBXFileReference; fileEncoding = 4; lastKnownFileType = sourcecode.c.objc; name = SpriteKitCursor.m; path = Classes/Scenes/SpriteKitCursor.m; sourceTree = "<group>"; };
		3FC52F59193FB54600DCDCB7 /* TankScene.h */ = {isa = PBXFileReference; fileEncoding = 4; lastKnownFileType = sourcecode.c.h; path = TankScene.h; sourceTree = "<group>"; };
		3FC52F5A193FB54600DCDCB7 /* TankScene.m */ = {isa = PBXFileReference; fileEncoding = 4; lastKnownFileType = sourcecode.c.objc; path = TankScene.m; sourceTree = "<group>"; };
		3FCEC1BF194AFD0B00C01F40 /* Images.xcassets */ = {isa = PBXFileReference; lastKnownFileType = folder.assetcatalog; path = Images.xcassets; sourceTree = "<group>"; };
		3FD4B6561940A80300455FBE /* BaoPosition.h */ = {isa = PBXFileReference; fileEncoding = 4; lastKnownFileType = sourcecode.c.h; name = BaoPosition.h; path = Classes/Helpers/BaoPosition/BaoPosition.h; sourceTree = "<group>"; };
		3FD4B6571940A80300455FBE /* BaoPosition.m */ = {isa = PBXFileReference; fileEncoding = 4; lastKnownFileType = sourcecode.c.objc; name = BaoPosition.m; path = Classes/Helpers/BaoPosition/BaoPosition.m; sourceTree = "<group>"; };
		3FD8D6CE193FB3AB00E24ADE /* ViewController.h */ = {isa = PBXFileReference; fileEncoding = 4; lastKnownFileType = sourcecode.c.h; path = ViewController.h; sourceTree = "<group>"; };
		3FD8D6CF193FB3AB00E24ADE /* ViewController.m */ = {isa = PBXFileReference; fileEncoding = 4; lastKnownFileType = sourcecode.c.objc; path = ViewController.m; sourceTree = "<group>"; };
/* End PBXFileReference section */

/* Begin PBXFrameworksBuildPhase section */
		10C599B0191948A300907493 /* Frameworks */ = {
			isa = PBXFrameworksBuildPhase;
			buildActionMask = 2147483647;
			files = (
				10C599B9191948A300907493 /* CoreGraphics.framework in Frameworks */,
				10C599BB191948A300907493 /* UIKit.framework in Frameworks */,
				10C599BD191948A300907493 /* SpriteKit.framework in Frameworks */,
				10C599B7191948A300907493 /* Foundation.framework in Frameworks */,
				29CE19001926008600513925 /* GameKit.framework in Frameworks */,
			);
			runOnlyForDeploymentPostprocessing = 0;
		};
		10C599DB191948A300907493 /* Frameworks */ = {
			isa = PBXFrameworksBuildPhase;
			buildActionMask = 2147483647;
			files = (
				10C599E0191948A300907493 /* XCTest.framework in Frameworks */,
				10C599E2191948A300907493 /* UIKit.framework in Frameworks */,
				10C599E1191948A300907493 /* Foundation.framework in Frameworks */,
			);
			runOnlyForDeploymentPostprocessing = 0;
		};
/* End PBXFrameworksBuildPhase section */

/* Begin PBXGroup section */
		10C599AA191948A300907493 = {
			isa = PBXGroup;
			children = (
				10C599BE191948A300907493 /* BaoMonkey */,
				10C599E5191948A400907493 /* BaoMonkeyTests */,
				10C599B5191948A300907493 /* Frameworks */,
				10C599B4191948A300907493 /* Products */,
			);
			sourceTree = "<group>";
		};
		10C599B4191948A300907493 /* Products */ = {
			isa = PBXGroup;
			children = (
				10C599B3191948A300907493 /* BaoMonkey.app */,
				10C599DE191948A300907493 /* BaoMonkeyTests.xctest */,
			);
			name = Products;
			sourceTree = "<group>";
		};
		10C599B5191948A300907493 /* Frameworks */ = {
			isa = PBXGroup;
			children = (
				29CE18FF1926008600513925 /* GameKit.framework */,
				10C599B6191948A300907493 /* Foundation.framework */,
				10C599B8191948A300907493 /* CoreGraphics.framework */,
				10C599BA191948A300907493 /* UIKit.framework */,
				10C599BC191948A300907493 /* SpriteKit.framework */,
				10C599DF191948A300907493 /* XCTest.framework */,
			);
			name = Frameworks;
			sourceTree = "<group>";
		};
		10C599BE191948A300907493 /* BaoMonkey */ = {
			isa = PBXGroup;
			children = (
				10C599C7191948A300907493 /* AppDelegate.h */,
				10C599C8191948A300907493 /* AppDelegate.m */,
				3F7D436D191A3E3F00DF30D6 /* Define.h */,
				3FCEC1BF194AFD0B00C01F40 /* Images.xcassets */,
				10C599CA191948A300907493 /* Main_iPhone.storyboard */,
				10C599CD191948A300907493 /* Main_iPad.storyboard */,
				3F50F12119194EB200A37F85 /* Classes */,
				3F50F12719194EFD00A37F85 /* Librairies */,
				10C59A0C1919492C00907493 /* Resources */,
				10C599BF191948A300907493 /* Supporting Files */,
			);
			path = BaoMonkey;
			sourceTree = "<group>";
		};
		10C599BF191948A300907493 /* Supporting Files */ = {
			isa = PBXGroup;
			children = (
				10C599C0191948A300907493 /* BaoMonkey-Info.plist */,
				10C599C1191948A300907493 /* InfoPlist.strings */,
				10C599C4191948A300907493 /* main.m */,
				10C599C6191948A300907493 /* BaoMonkey-Prefix.pch */,
			);
			name = "Supporting Files";
			sourceTree = "<group>";
		};
		10C599E5191948A400907493 /* BaoMonkeyTests */ = {
			isa = PBXGroup;
			children = (
				10C599EB191948A400907493 /* BaoMonkeyTests.m */,
				10C599E6191948A400907493 /* Supporting Files */,
			);
			path = BaoMonkeyTests;
			sourceTree = "<group>";
		};
		10C599E6191948A400907493 /* Supporting Files */ = {
			isa = PBXGroup;
			children = (
				10C599E7191948A400907493 /* BaoMonkeyTests-Info.plist */,
				10C599E8191948A400907493 /* InfoPlist.strings */,
			);
			name = "Supporting Files";
			sourceTree = "<group>";
		};
		10C59A0C1919492C00907493 /* Resources */ = {
			isa = PBXGroup;
			children = (
				294D1AD21941FCAE00EAEB67 /* Fonts */,
				3FB2A499191BB20C0027B2C7 /* Sounds */,
				108C7E37193CCBE200ADCB85 /* smokeTank.sks */,
				108C7E38193CCBE200ADCB85 /* spark.png */,
				10B2E57F193DC7EE00DDEF3A /* fire.sks */,
				103A59251942260C00794E98 /* fire_ipad.sks */,
			);
			path = Resources;
			sourceTree = "<group>";
		};
		294D1AD21941FCAE00EAEB67 /* Fonts */ = {
			isa = PBXGroup;
			children = (
				295373E41941FFDA00611212 /* Ravie.ttf */,
			);
			name = Fonts;
			sourceTree = "<group>";
		};
		29E98BA6191A871F0046F9B2 /* Enemies */ = {
			isa = PBXGroup;
			children = (
				3F595E89193FB64400150ED8 /* Climber */,
				3F595E8C193FB64400150ED8 /* EnemiesController */,
				3F595E8F193FB64400150ED8 /* Enemy */,
				3F595E92193FB64400150ED8 /* Hunter */,
				3F595E95193FB64400150ED8 /* LamberJack */,
				3F595E98193FB64400150ED8 /* LamberJackMachine */,
				3F595E9B193FB64400150ED8 /* Tank */,
			);
			name = Enemies;
			sourceTree = "<group>";
		};
		3F36C474193FB807009D371D /* GameCenter+Achievements */ = {
			isa = PBXGroup;
			children = (
				3F36C475193FB807009D371D /* Achievement.h */,
				3F36C476193FB807009D371D /* Achievement.m */,
				3F36C477193FB807009D371D /* GameCenter.h */,
				3F36C478193FB807009D371D /* GameCenter.m */,
			);
			name = "GameCenter+Achievements";
			path = "Classes/Models/GameCenter+Achievements";
			sourceTree = "<group>";
		};
		3F36C479193FB807009D371D /* GameController */ = {
			isa = PBXGroup;
			children = (
				3F36C47A193FB807009D371D /* GameController.h */,
				3F36C47B193FB807009D371D /* GameController.m */,
			);
			name = GameController;
			path = Classes/Models/GameController;
			sourceTree = "<group>";
		};
		3F36C47C193FB807009D371D /* GameData */ = {
			isa = PBXGroup;
			children = (
				3F36C47D193FB807009D371D /* GameData.h */,
				3F36C47E193FB807009D371D /* GameData.m */,
			);
			name = GameData;
			path = Classes/Models/GameData;
			sourceTree = "<group>";
		};
		3F36C47F193FB807009D371D /* Items */ = {
			isa = PBXGroup;
			children = (
				3F36C480193FB807009D371D /* Action */,
				3F36C483193FB807009D371D /* Bonus */,
				3F36C489193FB807009D371D /* Item */,
				3F36C48C193FB807009D371D /* Malus */,
				3F36C495193FB807009D371D /* Weapon */,
			);
			name = Items;
			path = Classes/Models/Items;
			sourceTree = "<group>";
		};
		3F36C480193FB807009D371D /* Action */ = {
			isa = PBXGroup;
			children = (
				3F36C481193FB807009D371D /* Action.h */,
				3F36C482193FB807009D371D /* Action.m */,
			);
			path = Action;
			sourceTree = "<group>";
		};
		3F36C483193FB807009D371D /* Bonus */ = {
			isa = PBXGroup;
			children = (
				3F36C484193FB807009D371D /* Bonus.h */,
				3F36C485193FB807009D371D /* Bonus.m */,
				3F36C486193FB807009D371D /* Shield */,
			);
			path = Bonus;
			sourceTree = "<group>";
		};
		3F36C486193FB807009D371D /* Shield */ = {
			isa = PBXGroup;
			children = (
				3F36C487193FB807009D371D /* Shield.h */,
				3F36C488193FB807009D371D /* Shield.m */,
			);
			path = Shield;
			sourceTree = "<group>";
		};
		3F36C489193FB807009D371D /* Item */ = {
			isa = PBXGroup;
			children = (
				3F36C48A193FB807009D371D /* Item.h */,
				3F36C48B193FB807009D371D /* Item.m */,
			);
			path = Item;
			sourceTree = "<group>";
		};
		3F36C48C193FB807009D371D /* Malus */ = {
			isa = PBXGroup;
			children = (
				3F36C48D193FB807009D371D /* Banana */,
				3F36C490193FB807009D371D /* Malus.h */,
				3F36C491193FB807009D371D /* Malus.m */,
				3F36C492193FB807009D371D /* Plum */,
			);
			path = Malus;
			sourceTree = "<group>";
		};
		3F36C48D193FB807009D371D /* Banana */ = {
			isa = PBXGroup;
			children = (
				3F36C48E193FB807009D371D /* Banana.h */,
				3F36C48F193FB807009D371D /* Banana.m */,
			);
			path = Banana;
			sourceTree = "<group>";
		};
		3F36C492193FB807009D371D /* Plum */ = {
			isa = PBXGroup;
			children = (
				3F36C493193FB807009D371D /* Prune.h */,
				3F36C494193FB807009D371D /* Prune.m */,
			);
			path = Plum;
			sourceTree = "<group>";
		};
		3F36C495193FB807009D371D /* Weapon */ = {
			isa = PBXGroup;
			children = (
				3F36C496193FB807009D371D /* CocoNuts */,
				3F36C499193FB807009D371D /* Weapon.h */,
				3F36C49A193FB807009D371D /* Weapon.m */,
			);
			path = Weapon;
			sourceTree = "<group>";
		};
		3F36C496193FB807009D371D /* CocoNuts */ = {
			isa = PBXGroup;
			children = (
				3F36C497193FB807009D371D /* CocoNuts.h */,
				3F36C498193FB807009D371D /* CocoNuts.m */,
			);
			path = CocoNuts;
			sourceTree = "<group>";
		};
		3F36C49B193FB807009D371D /* Monkey */ = {
			isa = PBXGroup;
			children = (
				3F36C49C193FB807009D371D /* Monkey.h */,
				3F36C49D193FB807009D371D /* Monkey.m */,
			);
			name = Monkey;
			path = Classes/Models/Monkey;
			sourceTree = "<group>";
		};
		3F36C49E193FB807009D371D /* Music */ = {
			isa = PBXGroup;
			children = (
				3F36C49F193FB807009D371D /* Music.h */,
				3F36C4A0193FB807009D371D /* Music.m */,
			);
			name = Music;
			path = Classes/Models/Music;
			sourceTree = "<group>";
		};
		3F36C4A1193FB807009D371D /* PreloadData */ = {
			isa = PBXGroup;
			children = (
				3F36C4A2193FB807009D371D /* PreloadData.h */,
				3F36C4A3193FB807009D371D /* PreloadData.m */,
			);
			name = PreloadData;
			path = Classes/Models/PreloadData;
			sourceTree = "<group>";
		};
		3F36C4A4193FB807009D371D /* ProgressBar */ = {
			isa = PBXGroup;
			children = (
				3F36C4A5193FB807009D371D /* ProgressBar.h */,
				3F36C4A6193FB807009D371D /* ProgressBar.m */,
			);
			name = ProgressBar;
			path = Classes/Models/ProgressBar;
			sourceTree = "<group>";
		};
		3F36C4A7193FB807009D371D /* Resume */ = {
			isa = PBXGroup;
			children = (
				3F36C4A8193FB807009D371D /* Resume.h */,
				3F36C4A9193FB807009D371D /* Resume.m */,
			);
			name = Resume;
			path = Classes/Models/Resume;
			sourceTree = "<group>";
		};
		3F36C4AA193FB807009D371D /* TreeBranch */ = {
			isa = PBXGroup;
			children = (
				3F36C4AB193FB807009D371D /* TreeBranch.h */,
				3F36C4AC193FB807009D371D /* TreeBranch.m */,
			);
			name = TreeBranch;
			path = Classes/Models/TreeBranch;
			sourceTree = "<group>";
		};
		3F36C4AD193FB807009D371D /* UserData */ = {
			isa = PBXGroup;
			children = (
				3F36C4AE193FB807009D371D /* UserData.h */,
				3F36C4AF193FB807009D371D /* UserData.m */,
			);
			name = UserData;
			path = Classes/Models/UserData;
			sourceTree = "<group>";
		};
		3F50F12119194EB200A37F85 /* Classes */ = {
			isa = PBXGroup;
			children = (
				3F50F12519194EE000A37F85 /* Helpers */,
				3F50F12419194EC700A37F85 /* Controllers */,
				3F50F12E19194FA400A37F85 /* Scenes */,
				3F50F12219194EB700A37F85 /* Models */,
			);
			name = Classes;
			sourceTree = "<group>";
		};
		3F50F12219194EB700A37F85 /* Models */ = {
			isa = PBXGroup;
			children = (
				3F36C474193FB807009D371D /* GameCenter+Achievements */,
				3F36C479193FB807009D371D /* GameController */,
				3F36C47C193FB807009D371D /* GameData */,
				3F36C47F193FB807009D371D /* Items */,
				3F36C49B193FB807009D371D /* Monkey */,
				3F36C49E193FB807009D371D /* Music */,
				3F36C4A1193FB807009D371D /* PreloadData */,
				3F36C4A4193FB807009D371D /* ProgressBar */,
				3F36C4A7193FB807009D371D /* Resume */,
				3F36C4AA193FB807009D371D /* TreeBranch */,
				3F36C4AD193FB807009D371D /* UserData */,
				29E98BA6191A871F0046F9B2 /* Enemies */,
			);
			name = Models;
			sourceTree = "<group>";
		};
		3F50F12419194EC700A37F85 /* Controllers */ = {
			isa = PBXGroup;
			children = (
				3FD8D6CD193FB3AB00E24ADE /* ViewController */,
			);
			name = Controllers;
			sourceTree = "<group>";
		};
		3F50F12519194EE000A37F85 /* Helpers */ = {
			isa = PBXGroup;
			children = (
				3F7F3AF2194BA49700EA7D91 /* BaoFontSize */,
				3FD4B6551940A7E600455FBE /* BaoPosition */,
				3F99D509193FB2F40054AC9B /* BaoButton */,
				3F99D50C193FB2F40054AC9B /* BaoSize */,
			);
			name = Helpers;
			sourceTree = "<group>";
		};
		3F50F12719194EFD00A37F85 /* Librairies */ = {
			isa = PBXGroup;
			children = (
			);
			name = Librairies;
			sourceTree = "<group>";
		};
		3F50F12E19194FA400A37F85 /* Scenes */ = {
			isa = PBXGroup;
			children = (
				3FC52F38193FB54600DCDCB7 /* GameOverScene */,
				3FC52F3B193FB54600DCDCB7 /* HelicopterScene */,
				3FC52F40193FB54600DCDCB7 /* LamberJackMachineScene */,
				3FC52F43193FB54600DCDCB7 /* MainMenuScene */,
				3FC52F46193FB54600DCDCB7 /* Menu */,
				3FC52F47193FB54600DCDCB7 /* MyScene */,
				3FC52F50193FB54600DCDCB7 /* PauseScene */,
				3FC52F53193FB54600DCDCB7 /* SettingsScene */,
				3FC52F56193FB54600DCDCB7 /* SpriteKitCursor.h */,
				3FC52F57193FB54600DCDCB7 /* SpriteKitCursor.m */,
				3FC52F58193FB54600DCDCB7 /* TankScene */,
				5FC3F3E7DB27C9039F924F72 /* CreditMenu */,
			);
			name = Scenes;
			sourceTree = "<group>";
		};
		3F595E89193FB64400150ED8 /* Climber */ = {
			isa = PBXGroup;
			children = (
				3F595E8A193FB64400150ED8 /* Climber.h */,
				3F595E8B193FB64400150ED8 /* Climber.m */,
			);
			name = Climber;
			path = Classes/Models/Enemies/Climber;
			sourceTree = "<group>";
		};
		3F595E8C193FB64400150ED8 /* EnemiesController */ = {
			isa = PBXGroup;
			children = (
				3F595E8D193FB64400150ED8 /* EnemiesController.h */,
				3F595E8E193FB64400150ED8 /* EnemiesController.m */,
			);
			name = EnemiesController;
			path = Classes/Models/Enemies/EnemiesController;
			sourceTree = "<group>";
		};
		3F595E8F193FB64400150ED8 /* Enemy */ = {
			isa = PBXGroup;
			children = (
				3F595E90193FB64400150ED8 /* Enemy.h */,
				3F595E91193FB64400150ED8 /* Enemy.m */,
			);
			name = Enemy;
			path = Classes/Models/Enemies/Enemy;
			sourceTree = "<group>";
		};
		3F595E92193FB64400150ED8 /* Hunter */ = {
			isa = PBXGroup;
			children = (
				3F595E93193FB64400150ED8 /* Hunter.h */,
				3F595E94193FB64400150ED8 /* Hunter.m */,
			);
			name = Hunter;
			path = Classes/Models/Enemies/Hunter;
			sourceTree = "<group>";
		};
		3F595E95193FB64400150ED8 /* LamberJack */ = {
			isa = PBXGroup;
			children = (
				3F595E96193FB64400150ED8 /* LamberJack.h */,
				3F595E97193FB64400150ED8 /* LamberJack.m */,
			);
			name = LamberJack;
			path = Classes/Models/Enemies/LamberJack;
			sourceTree = "<group>";
		};
		3F595E98193FB64400150ED8 /* LamberJackMachine */ = {
			isa = PBXGroup;
			children = (
				3F595E99193FB64400150ED8 /* LamberJackMachine.h */,
				3F595E9A193FB64400150ED8 /* LamberJackMachine.m */,
			);
			name = LamberJackMachine;
			path = Classes/Models/Enemies/LamberJackMachine;
			sourceTree = "<group>";
		};
		3F595E9B193FB64400150ED8 /* Tank */ = {
			isa = PBXGroup;
			children = (
				3F595E9C193FB64400150ED8 /* Tank.h */,
				3F595E9D193FB64400150ED8 /* Tank.m */,
			);
			name = Tank;
			path = Classes/Models/Enemies/Tank;
			sourceTree = "<group>";
		};
		3F7F3AF2194BA49700EA7D91 /* BaoFontSize */ = {
			isa = PBXGroup;
			children = (
				3F7F3AF3194BA4B200EA7D91 /* BaoFontSize.h */,
				3F7F3AF4194BA4B200EA7D91 /* BaoFontSize.m */,
			);
			name = BaoFontSize;
			sourceTree = "<group>";
		};
		3F99D509193FB2F40054AC9B /* BaoButton */ = {
			isa = PBXGroup;
			children = (
				3F99D50A193FB2F40054AC9B /* BaoButton.h */,
				3F99D50B193FB2F40054AC9B /* BaoButton.m */,
			);
			name = BaoButton;
			path = Classes/Helpers/BaoButton;
			sourceTree = "<group>";
		};
		3F99D50C193FB2F40054AC9B /* BaoSize */ = {
			isa = PBXGroup;
			children = (
				3F99D50D193FB2F40054AC9B /* BaoSize.h */,
				3F99D50E193FB2F40054AC9B /* BaoSize.m */,
			);
			name = BaoSize;
			path = Classes/Helpers/BaoSize;
			sourceTree = "<group>";
		};
		3FB2A499191BB20C0027B2C7 /* Sounds */ = {
			isa = PBXGroup;
			children = (
				3F0CD894191D423E0079A5EB /* baomonkey.m4a */,
				2910BA95191D27B300E4B281 /* BaoMonkey.mp3 */,
				3FB2A49A191BB20C0027B2C7 /* Items */,
			);
			path = Sounds;
			sourceTree = "<group>";
		};
		3FB2A49A191BB20C0027B2C7 /* Items */ = {
			isa = PBXGroup;
			children = (
				3FB2A49D191BD36A0027B2C7 /* coconut.mp3 */,
				3FB2A49B191BB20C0027B2C7 /* splash.mp3 */,
			);
			path = Items;
			sourceTree = "<group>";
		};
		3FC52F38193FB54600DCDCB7 /* GameOverScene */ = {
			isa = PBXGroup;
			children = (
				3FC52F39193FB54600DCDCB7 /* GameOverScene.h */,
				3FC52F3A193FB54600DCDCB7 /* GameOverScene.m */,
			);
			name = GameOverScene;
			path = Classes/Scenes/GameOverScene;
			sourceTree = "<group>";
		};
		3FC52F3B193FB54600DCDCB7 /* HelicopterScene */ = {
			isa = PBXGroup;
			children = (
				10A7476D19405D7D001BF4FC /* Helicopter.h */,
				10A7476E19405D7D001BF4FC /* Helicopter.m */,
				10A7476F19405D7D001BF4FC /* HelicopterScene.h */,
				10A7477019405D7D001BF4FC /* HelicopterScene.m */,
			);
			name = HelicopterScene;
			path = Classes/Scenes/HelicopterScene;
			sourceTree = "<group>";
		};
		3FC52F40193FB54600DCDCB7 /* LamberJackMachineScene */ = {
			isa = PBXGroup;
			children = (
				3FC52F41193FB54600DCDCB7 /* LamberJackMachineScene.h */,
				3FC52F42193FB54600DCDCB7 /* LamberJackMachineScene.m */,
			);
			name = LamberJackMachineScene;
			path = Classes/Scenes/LamberJackMachineScene;
			sourceTree = "<group>";
		};
		3FC52F43193FB54600DCDCB7 /* MainMenuScene */ = {
			isa = PBXGroup;
			children = (
				3FC52F44193FB54600DCDCB7 /* MainMenu.h */,
				3FC52F45193FB54600DCDCB7 /* MainMenu.m */,
			);
			name = MainMenuScene;
			path = Classes/Scenes/MainMenuScene;
			sourceTree = "<group>";
		};
		3FC52F46193FB54600DCDCB7 /* Menu */ = {
			isa = PBXGroup;
			children = (
			);
			name = Menu;
			path = Classes/Scenes/Menu;
			sourceTree = "<group>";
		};
		3FC52F47193FB54600DCDCB7 /* MyScene */ = {
			isa = PBXGroup;
			children = (
				10A7477319405D8C001BF4FC /* MyScene.h */,
				10A7477419405D8C001BF4FC /* MyScene.m */,
				10A7477519405D8C001BF4FC /* MyScene+Climber.h */,
				10A7477619405D8C001BF4FC /* MyScene+Climber.m */,
				10A7477719405D8C001BF4FC /* MyScene+GeneratorWave.h */,
				10A7477819405D8C001BF4FC /* MyScene+GeneratorWave.m */,
				10A7477919405D8C001BF4FC /* MyScene+LoadBoss.h */,
				10A7477A19405D8C001BF4FC /* MyScene+LoadBoss.m */,
			);
			name = MyScene;
			path = Classes/Scenes/MyScene;
			sourceTree = "<group>";
		};
		3FC52F50193FB54600DCDCB7 /* PauseScene */ = {
			isa = PBXGroup;
			children = (
				3FC52F51193FB54600DCDCB7 /* PauseScene.h */,
				3FC52F52193FB54600DCDCB7 /* PauseScene.m */,
			);
			name = PauseScene;
			path = Classes/Scenes/PauseScene;
			sourceTree = "<group>";
		};
		3FC52F53193FB54600DCDCB7 /* SettingsScene */ = {
			isa = PBXGroup;
			children = (
				3FC52F54193FB54600DCDCB7 /* Settings.h */,
				3FC52F55193FB54600DCDCB7 /* Settings.m */,
			);
			name = SettingsScene;
			path = Classes/Scenes/SettingsScene;
			sourceTree = "<group>";
		};
		3FC52F58193FB54600DCDCB7 /* TankScene */ = {
			isa = PBXGroup;
			children = (
				3FC52F59193FB54600DCDCB7 /* TankScene.h */,
				3FC52F5A193FB54600DCDCB7 /* TankScene.m */,
			);
			name = TankScene;
			path = Classes/Scenes/TankScene;
			sourceTree = "<group>";
		};
		3FD4B6551940A7E600455FBE /* BaoPosition */ = {
			isa = PBXGroup;
			children = (
				3FD4B6561940A80300455FBE /* BaoPosition.h */,
				3FD4B6571940A80300455FBE /* BaoPosition.m */,
			);
			name = BaoPosition;
			sourceTree = "<group>";
		};
		3FD8D6CD193FB3AB00E24ADE /* ViewController */ = {
			isa = PBXGroup;
			children = (
				3FD8D6CE193FB3AB00E24ADE /* ViewController.h */,
				3FD8D6CF193FB3AB00E24ADE /* ViewController.m */,
			);
			name = ViewController;
			path = Classes/Controllers/ViewController;
			sourceTree = "<group>";
		};
		5FC3F3E7DB27C9039F924F72 /* CreditMenu */ = {
			isa = PBXGroup;
			children = (
				10962971194755D300AF2E30 /* Credit.h */,
				10962972194755D300AF2E30 /* Credit.m */,
			);
			name = CreditMenu;
			sourceTree = "<group>";
		};
/* End PBXGroup section */

/* Begin PBXNativeTarget section */
		10C599B2191948A300907493 /* BaoMonkey */ = {
			isa = PBXNativeTarget;
			buildConfigurationList = 10C599EF191948A400907493 /* Build configuration list for PBXNativeTarget "BaoMonkey" */;
			buildPhases = (
				10C599AF191948A300907493 /* Sources */,
				10C599B0191948A300907493 /* Frameworks */,
				10C599B1191948A300907493 /* Resources */,
			);
			buildRules = (
			);
			dependencies = (
			);
			name = BaoMonkey;
			productName = BaoMonkey;
			productReference = 10C599B3191948A300907493 /* BaoMonkey.app */;
			productType = "com.apple.product-type.application";
		};
		10C599DD191948A300907493 /* BaoMonkeyTests */ = {
			isa = PBXNativeTarget;
			buildConfigurationList = 10C599F2191948A400907493 /* Build configuration list for PBXNativeTarget "BaoMonkeyTests" */;
			buildPhases = (
				10C599DA191948A300907493 /* Sources */,
				10C599DB191948A300907493 /* Frameworks */,
				10C599DC191948A300907493 /* Resources */,
			);
			buildRules = (
			);
			dependencies = (
				10C599E4191948A300907493 /* PBXTargetDependency */,
			);
			name = BaoMonkeyTests;
			productName = BaoMonkeyTests;
			productReference = 10C599DE191948A300907493 /* BaoMonkeyTests.xctest */;
			productType = "com.apple.product-type.bundle.unit-test";
		};
/* End PBXNativeTarget section */

/* Begin PBXProject section */
		10C599AB191948A300907493 /* Project object */ = {
			isa = PBXProject;
			attributes = {
				LastUpgradeCheck = 0510;
				ORGANIZATIONNAME = BaoMonkey;
				TargetAttributes = {
					10C599B2191948A300907493 = {
						DevelopmentTeam = 44Q2J6374R;
						SystemCapabilities = {
							com.apple.BackgroundModes = {
								enabled = 0;
							};
							com.apple.GameCenter = {
								enabled = 1;
							};
						};
					};
					10C599DD191948A300907493 = {
						TestTargetID = 10C599B2191948A300907493;
					};
				};
			};
			buildConfigurationList = 10C599AE191948A300907493 /* Build configuration list for PBXProject "BaoMonkey" */;
			compatibilityVersion = "Xcode 3.2";
			developmentRegion = English;
			hasScannedForEncodings = 0;
			knownRegions = (
				en,
				Base,
			);
			mainGroup = 10C599AA191948A300907493;
			productRefGroup = 10C599B4191948A300907493 /* Products */;
			projectDirPath = "";
			projectRoot = "";
			targets = (
				10C599B2191948A300907493 /* BaoMonkey */,
				10C599DD191948A300907493 /* BaoMonkeyTests */,
			);
		};
/* End PBXProject section */

/* Begin PBXResourcesBuildPhase section */
		10C599B1191948A300907493 /* Resources */ = {
			isa = PBXResourcesBuildPhase;
			buildActionMask = 2147483647;
			files = (
				103A59261942260C00794E98 /* fire_ipad.sks in Resources */,
				29A3D4CF193C66F5003A71DC /* Main_iPhone.storyboard in Resources */,
				108C7E3A193CCBE200ADCB85 /* spark.png in Resources */,
				29A3D4D0193C66F5003A71DC /* Main_iPad.storyboard in Resources */,
				3FB2A49C191BB20C0027B2C7 /* splash.mp3 in Resources */,
				3FCEC1C0194AFD0B00C01F40 /* Images.xcassets in Resources */,
				3F0CD895191D423E0079A5EB /* baomonkey.m4a in Resources */,
				108C7E39193CCBE200ADCB85 /* smokeTank.sks in Resources */,
				295373E51941FFDA00611212 /* Ravie.ttf in Resources */,
				2910BA96191D27B300E4B281 /* BaoMonkey.mp3 in Resources */,
				3FB2A49E191BD36A0027B2C7 /* coconut.mp3 in Resources */,
				10B2E580193DC7EE00DDEF3A /* fire.sks in Resources */,
				10C599C3191948A300907493 /* InfoPlist.strings in Resources */,
			);
			runOnlyForDeploymentPostprocessing = 0;
		};
		10C599DC191948A300907493 /* Resources */ = {
			isa = PBXResourcesBuildPhase;
			buildActionMask = 2147483647;
			files = (
				10C599EA191948A400907493 /* InfoPlist.strings in Resources */,
			);
			runOnlyForDeploymentPostprocessing = 0;
		};
/* End PBXResourcesBuildPhase section */

/* Begin PBXSourcesBuildPhase section */
		10C599AF191948A300907493 /* Sources */ = {
			isa = PBXSourcesBuildPhase;
			buildActionMask = 2147483647;
			files = (
				3F36C4C0193FB807009D371D /* ProgressBar.m in Sources */,
				3F595EA0193FB64400150ED8 /* Enemy.m in Sources */,
				3F595EA1193FB64400150ED8 /* Hunter.m in Sources */,
				3F99D510193FB2F40054AC9B /* BaoSize.m in Sources */,
				3FD8D6D0193FB3AB00E24ADE /* ViewController.m in Sources */,
				3F99D50F193FB2F40054AC9B /* BaoButton.m in Sources */,
				3F595EA2193FB64400150ED8 /* LamberJack.m in Sources */,
				3F36C4B3193FB807009D371D /* GameData.m in Sources */,
				3F595E9F193FB64400150ED8 /* EnemiesController.m in Sources */,
				3F36C4B0193FB807009D371D /* Achievement.m in Sources */,
				3F36C4C1193FB807009D371D /* Resume.m in Sources */,
				10A7477D19405D8C001BF4FC /* MyScene+GeneratorWave.m in Sources */,
				3FC52F5E193FB54600DCDCB7 /* LamberJackMachineScene.m in Sources */,
				3F36C4B5193FB807009D371D /* Bonus.m in Sources */,
				3F36C4C3193FB807009D371D /* UserData.m in Sources */,
				3F36C4BE193FB807009D371D /* Music.m in Sources */,
				3FC52F64193FB54600DCDCB7 /* PauseScene.m in Sources */,
				10A7477219405D7D001BF4FC /* HelicopterScene.m in Sources */,
				3FC52F65193FB54600DCDCB7 /* Settings.m in Sources */,
				3FC52F67193FB54600DCDCB7 /* TankScene.m in Sources */,
				3FC52F66193FB54600DCDCB7 /* SpriteKitCursor.m in Sources */,
				10A7477C19405D8C001BF4FC /* MyScene+Climber.m in Sources */,
				3F595EA3193FB64400150ED8 /* LamberJackMachine.m in Sources */,
				3FC52F5B193FB54600DCDCB7 /* GameOverScene.m in Sources */,
				3F36C4B9193FB807009D371D /* Malus.m in Sources */,
				3F36C4B7193FB807009D371D /* Item.m in Sources */,
				3F36C4BC193FB807009D371D /* Weapon.m in Sources */,
				3F595E9E193FB64400150ED8 /* Climber.m in Sources */,
				3F36C4BD193FB807009D371D /* Monkey.m in Sources */,
				3F36C4C2193FB807009D371D /* TreeBranch.m in Sources */,
				3F36C4BA193FB807009D371D /* Prune.m in Sources */,
				3FD4B6581940A80300455FBE /* BaoPosition.m in Sources */,
				3F595EA4193FB64400150ED8 /* Tank.m in Sources */,
				3F36C4B8193FB807009D371D /* Banana.m in Sources */,
				10C599C9191948A300907493 /* AppDelegate.m in Sources */,
				3F36C4BB193FB807009D371D /* CocoNuts.m in Sources */,
				10A7477E19405D8C001BF4FC /* MyScene+LoadBoss.m in Sources */,
				10962973194755D300AF2E30 /* Credit.m in Sources */,
				10C599C5191948A300907493 /* main.m in Sources */,
				10A7477B19405D8C001BF4FC /* MyScene.m in Sources */,
				3F36C4B2193FB807009D371D /* GameController.m in Sources */,
				3F36C4B6193FB807009D371D /* Shield.m in Sources */,
				3F7F3AF5194BA4B200EA7D91 /* BaoFontSize.m in Sources */,
				3F36C4B4193FB807009D371D /* Action.m in Sources */,
				3FC52F5F193FB54600DCDCB7 /* MainMenu.m in Sources */,
				3F36C4BF193FB807009D371D /* PreloadData.m in Sources */,
				10A7477119405D7D001BF4FC /* Helicopter.m in Sources */,
				3F36C4B1193FB807009D371D /* GameCenter.m in Sources */,
			);
			runOnlyForDeploymentPostprocessing = 0;
		};
		10C599DA191948A300907493 /* Sources */ = {
			isa = PBXSourcesBuildPhase;
			buildActionMask = 2147483647;
			files = (
				10C599EC191948A400907493 /* BaoMonkeyTests.m in Sources */,
			);
			runOnlyForDeploymentPostprocessing = 0;
		};
/* End PBXSourcesBuildPhase section */

/* Begin PBXTargetDependency section */
		10C599E4191948A300907493 /* PBXTargetDependency */ = {
			isa = PBXTargetDependency;
			target = 10C599B2191948A300907493 /* BaoMonkey */;
			targetProxy = 10C599E3191948A300907493 /* PBXContainerItemProxy */;
		};
/* End PBXTargetDependency section */

/* Begin PBXVariantGroup section */
		10C599C1191948A300907493 /* InfoPlist.strings */ = {
			isa = PBXVariantGroup;
			children = (
				10C599C2191948A300907493 /* en */,
			);
			name = InfoPlist.strings;
			sourceTree = "<group>";
		};
		10C599CA191948A300907493 /* Main_iPhone.storyboard */ = {
			isa = PBXVariantGroup;
			children = (
				10C599CB191948A300907493 /* Base */,
			);
			name = Main_iPhone.storyboard;
			sourceTree = "<group>";
		};
		10C599CD191948A300907493 /* Main_iPad.storyboard */ = {
			isa = PBXVariantGroup;
			children = (
				10C599CE191948A300907493 /* Base */,
			);
			name = Main_iPad.storyboard;
			sourceTree = "<group>";
		};
		10C599E8191948A400907493 /* InfoPlist.strings */ = {
			isa = PBXVariantGroup;
			children = (
				10C599E9191948A400907493 /* en */,
			);
			name = InfoPlist.strings;
			sourceTree = "<group>";
		};
/* End PBXVariantGroup section */

/* Begin XCBuildConfiguration section */
		10C599ED191948A400907493 /* Debug */ = {
			isa = XCBuildConfiguration;
			buildSettings = {
				ALWAYS_SEARCH_USER_PATHS = NO;
				CLANG_CXX_LANGUAGE_STANDARD = "gnu++0x";
				CLANG_CXX_LIBRARY = "libc++";
				CLANG_ENABLE_MODULES = YES;
				CLANG_ENABLE_OBJC_ARC = YES;
				CLANG_WARN_BOOL_CONVERSION = YES;
				CLANG_WARN_CONSTANT_CONVERSION = YES;
				CLANG_WARN_DIRECT_OBJC_ISA_USAGE = YES_ERROR;
				CLANG_WARN_EMPTY_BODY = YES;
				CLANG_WARN_ENUM_CONVERSION = YES;
				CLANG_WARN_INT_CONVERSION = YES;
				CLANG_WARN_OBJC_ROOT_CLASS = YES_ERROR;
				CLANG_WARN__DUPLICATE_METHOD_MATCH = YES;
				CODE_SIGN_IDENTITY = "iPhone Developer: REMI HILLAIRET (NHLG76Z36Y)";
				"CODE_SIGN_IDENTITY[sdk=iphoneos*]" = "iPhone Developer";
				COPY_PHASE_STRIP = NO;
				GCC_C_LANGUAGE_STANDARD = gnu99;
				GCC_DYNAMIC_NO_PIC = NO;
				GCC_OPTIMIZATION_LEVEL = 0;
				GCC_PREPROCESSOR_DEFINITIONS = (
					"DEBUG=1",
					"$(inherited)",
				);
				GCC_SYMBOLS_PRIVATE_EXTERN = NO;
				GCC_WARN_64_TO_32_BIT_CONVERSION = YES;
				GCC_WARN_ABOUT_RETURN_TYPE = YES_ERROR;
				GCC_WARN_UNDECLARED_SELECTOR = YES;
				GCC_WARN_UNINITIALIZED_AUTOS = YES_AGGRESSIVE;
				GCC_WARN_UNUSED_FUNCTION = YES;
				GCC_WARN_UNUSED_VARIABLE = YES;
				IPHONEOS_DEPLOYMENT_TARGET = 7.0;
				ONLY_ACTIVE_ARCH = YES;
				SDKROOT = iphoneos;
				TARGETED_DEVICE_FAMILY = "1,2";
			};
			name = Debug;
		};
		10C599EE191948A400907493 /* Release */ = {
			isa = XCBuildConfiguration;
			buildSettings = {
				ALWAYS_SEARCH_USER_PATHS = NO;
				CLANG_CXX_LANGUAGE_STANDARD = "gnu++0x";
				CLANG_CXX_LIBRARY = "libc++";
				CLANG_ENABLE_MODULES = YES;
				CLANG_ENABLE_OBJC_ARC = YES;
				CLANG_WARN_BOOL_CONVERSION = YES;
				CLANG_WARN_CONSTANT_CONVERSION = YES;
				CLANG_WARN_DIRECT_OBJC_ISA_USAGE = YES_ERROR;
				CLANG_WARN_EMPTY_BODY = YES;
				CLANG_WARN_ENUM_CONVERSION = YES;
				CLANG_WARN_INT_CONVERSION = YES;
				CLANG_WARN_OBJC_ROOT_CLASS = YES_ERROR;
				CLANG_WARN__DUPLICATE_METHOD_MATCH = YES;
				CODE_SIGN_IDENTITY = "iPhone Distribution: REMI HILLAIRET (RFKH8ZM9YU)";
				"CODE_SIGN_IDENTITY[sdk=iphoneos*]" = "iPhone Distribution";
				COPY_PHASE_STRIP = YES;
				ENABLE_NS_ASSERTIONS = NO;
				GCC_C_LANGUAGE_STANDARD = gnu99;
				GCC_WARN_64_TO_32_BIT_CONVERSION = YES;
				GCC_WARN_ABOUT_RETURN_TYPE = YES_ERROR;
				GCC_WARN_UNDECLARED_SELECTOR = YES;
				GCC_WARN_UNINITIALIZED_AUTOS = YES_AGGRESSIVE;
				GCC_WARN_UNUSED_FUNCTION = YES;
				GCC_WARN_UNUSED_VARIABLE = YES;
				IPHONEOS_DEPLOYMENT_TARGET = 7.0;
				SDKROOT = iphoneos;
				TARGETED_DEVICE_FAMILY = "1,2";
				VALIDATE_PRODUCT = YES;
			};
			name = Release;
		};
		10C599F0191948A400907493 /* Debug */ = {
			isa = XCBuildConfiguration;
			buildSettings = {
				ASSETCATALOG_COMPILER_APPICON_NAME = AppIcon;
				ASSETCATALOG_COMPILER_LAUNCHIMAGE_NAME = LaunchImage;
				CODE_SIGN_IDENTITY = "iPhone Developer: REMI HILLAIRET (NHLG76Z36Y)";
				"CODE_SIGN_IDENTITY[sdk=iphoneos*]" = "iPhone Developer";
				GCC_PRECOMPILE_PREFIX_HEADER = YES;
				GCC_PREFIX_HEADER = "BaoMonkey/BaoMonkey-Prefix.pch";
				INFOPLIST_FILE = "BaoMonkey/BaoMonkey-Info.plist";
				IPHONEOS_DEPLOYMENT_TARGET = 7.0;
				ONLY_ACTIVE_ARCH = NO;
				PRODUCT_NAME = "$(TARGET_NAME)";
				PROVISIONING_PROFILE = "56CE2557-581E-44F7-85F1-CE0E67294EEE";
				SPRITEKIT_TEXTURE_ATLAS_OUTPUT = YES;
				WRAPPER_EXTENSION = app;
			};
			name = Debug;
		};
		10C599F1191948A400907493 /* Release */ = {
			isa = XCBuildConfiguration;
			buildSettings = {
				ASSETCATALOG_COMPILER_APPICON_NAME = AppIcon;
				ASSETCATALOG_COMPILER_LAUNCHIMAGE_NAME = LaunchImage;
				CODE_SIGN_IDENTITY = "iPhone Developer: REMI HILLAIRET (NHLG76Z36Y)";
				"CODE_SIGN_IDENTITY[sdk=iphoneos*]" = "iPhone Developer";
				GCC_PRECOMPILE_PREFIX_HEADER = YES;
				GCC_PREFIX_HEADER = "BaoMonkey/BaoMonkey-Prefix.pch";
				INFOPLIST_FILE = "BaoMonkey/BaoMonkey-Info.plist";
				IPHONEOS_DEPLOYMENT_TARGET = 7.0;
				ONLY_ACTIVE_ARCH = NO;
				PRODUCT_NAME = "$(TARGET_NAME)";
				PROVISIONING_PROFILE = "56CE2557-581E-44F7-85F1-CE0E67294EEE";
				SPRITEKIT_TEXTURE_ATLAS_OUTPUT = YES;
				WRAPPER_EXTENSION = app;
			};
			name = Release;
		};
		10C599F3191948A400907493 /* Debug */ = {
			isa = XCBuildConfiguration;
			buildSettings = {
				BUNDLE_LOADER = "$(BUILT_PRODUCTS_DIR)/BaoMonkey.app/BaoMonkey";
				FRAMEWORK_SEARCH_PATHS = (
					"$(SDKROOT)/Developer/Library/Frameworks",
					"$(inherited)",
					"$(DEVELOPER_FRAMEWORKS_DIR)",
				);
				GCC_PRECOMPILE_PREFIX_HEADER = YES;
				GCC_PREFIX_HEADER = "BaoMonkey/BaoMonkey-Prefix.pch";
				GCC_PREPROCESSOR_DEFINITIONS = (
					"DEBUG=1",
					"$(inherited)",
				);
				INFOPLIST_FILE = "BaoMonkeyTests/BaoMonkeyTests-Info.plist";
				PRODUCT_NAME = "$(TARGET_NAME)";
				TEST_HOST = "$(BUNDLE_LOADER)";
				WRAPPER_EXTENSION = xctest;
			};
			name = Debug;
		};
		10C599F4191948A400907493 /* Release */ = {
			isa = XCBuildConfiguration;
			buildSettings = {
				BUNDLE_LOADER = "$(BUILT_PRODUCTS_DIR)/BaoMonkey.app/BaoMonkey";
				FRAMEWORK_SEARCH_PATHS = (
					"$(SDKROOT)/Developer/Library/Frameworks",
					"$(inherited)",
					"$(DEVELOPER_FRAMEWORKS_DIR)",
				);
				GCC_PRECOMPILE_PREFIX_HEADER = YES;
				GCC_PREFIX_HEADER = "BaoMonkey/BaoMonkey-Prefix.pch";
				INFOPLIST_FILE = "BaoMonkeyTests/BaoMonkeyTests-Info.plist";
				PRODUCT_NAME = "$(TARGET_NAME)";
				TEST_HOST = "$(BUNDLE_LOADER)";
				WRAPPER_EXTENSION = xctest;
			};
			name = Release;
		};
/* End XCBuildConfiguration section */

/* Begin XCConfigurationList section */
		10C599AE191948A300907493 /* Build configuration list for PBXProject "BaoMonkey" */ = {
			isa = XCConfigurationList;
			buildConfigurations = (
				10C599ED191948A400907493 /* Debug */,
				10C599EE191948A400907493 /* Release */,
			);
			defaultConfigurationIsVisible = 0;
			defaultConfigurationName = Release;
		};
		10C599EF191948A400907493 /* Build configuration list for PBXNativeTarget "BaoMonkey" */ = {
			isa = XCConfigurationList;
			buildConfigurations = (
				10C599F0191948A400907493 /* Debug */,
				10C599F1191948A400907493 /* Release */,
			);
			defaultConfigurationIsVisible = 0;
			defaultConfigurationName = Release;
		};
		10C599F2191948A400907493 /* Build configuration list for PBXNativeTarget "BaoMonkeyTests" */ = {
			isa = XCConfigurationList;
			buildConfigurations = (
				10C599F3191948A400907493 /* Debug */,
				10C599F4191948A400907493 /* Release */,
			);
			defaultConfigurationIsVisible = 0;
			defaultConfigurationName = Release;
		};
/* End XCConfigurationList section */
	};
	rootObject = 10C599AB191948A300907493 /* Project object */;
}
